// !$*UTF8*$!
{
	archiveVersion = 1;
	classes = {
	};
	objectVersion = 55;
	objects = {

/* Begin PBXBuildFile section */
		4AE4AD2728D5C11A0055FEA8 /* AppDelegate.swift in Sources */ = {isa = PBXBuildFile; fileRef = 4AE4AD2628D5C11A0055FEA8 /* AppDelegate.swift */; };
		4AE4AD2928D5C11A0055FEA8 /* SceneDelegate.swift in Sources */ = {isa = PBXBuildFile; fileRef = 4AE4AD2828D5C11A0055FEA8 /* SceneDelegate.swift */; };
		4AE4AD2B28D5C11A0055FEA8 /* ViewController.swift in Sources */ = {isa = PBXBuildFile; fileRef = 4AE4AD2A28D5C11A0055FEA8 /* ViewController.swift */; };
		4AE4AD2E28D5C11A0055FEA8 /* Main.storyboard in Resources */ = {isa = PBXBuildFile; fileRef = 4AE4AD2C28D5C11A0055FEA8 /* Main.storyboard */; };
		4AE4AD3028D5C11C0055FEA8 /* Assets.xcassets in Resources */ = {isa = PBXBuildFile; fileRef = 4AE4AD2F28D5C11C0055FEA8 /* Assets.xcassets */; };
		4AE4AD3328D5C11C0055FEA8 /* LaunchScreen.storyboard in Resources */ = {isa = PBXBuildFile; fileRef = 4AE4AD3128D5C11C0055FEA8 /* LaunchScreen.storyboard */; };
		4AE4AD3E28D5C11C0055FEA8 /* Porsche_WidgetTests.swift in Sources */ = {isa = PBXBuildFile; fileRef = 4AE4AD3D28D5C11C0055FEA8 /* Porsche_WidgetTests.swift */; };
		4AE4AD4828D5C11C0055FEA8 /* Porsche_WidgetUITests.swift in Sources */ = {isa = PBXBuildFile; fileRef = 4AE4AD4728D5C11C0055FEA8 /* Porsche_WidgetUITests.swift */; };
		4AE4AD4A28D5C11C0055FEA8 /* Porsche_WidgetUITestsLaunchTests.swift in Sources */ = {isa = PBXBuildFile; fileRef = 4AE4AD4928D5C11C0055FEA8 /* Porsche_WidgetUITestsLaunchTests.swift */; };
/* End PBXBuildFile section */

/* Begin PBXContainerItemProxy section */
		4AE4AD3A28D5C11C0055FEA8 /* PBXContainerItemProxy */ = {
			isa = PBXContainerItemProxy;
			containerPortal = 4AE4AD1B28D5C11A0055FEA8 /* Project object */;
			proxyType = 1;
			remoteGlobalIDString = 4AE4AD2228D5C11A0055FEA8;
			remoteInfo = "Porsche Widget";
		};
		4AE4AD4428D5C11C0055FEA8 /* PBXContainerItemProxy */ = {
			isa = PBXContainerItemProxy;
			containerPortal = 4AE4AD1B28D5C11A0055FEA8 /* Project object */;
			proxyType = 1;
			remoteGlobalIDString = 4AE4AD2228D5C11A0055FEA8;
			remoteInfo = "Porsche Widget";
		};
/* End PBXContainerItemProxy section */

/* Begin PBXFileReference section */
		4AE4AD2328D5C11A0055FEA8 /* Porsche Widget.app */ = {isa = PBXFileReference; explicitFileType = wrapper.application; includeInIndex = 0; path = "Porsche Widget.app"; sourceTree = BUILT_PRODUCTS_DIR; };
		4AE4AD2628D5C11A0055FEA8 /* AppDelegate.swift */ = {isa = PBXFileReference; lastKnownFileType = sourcecode.swift; path = AppDelegate.swift; sourceTree = "<group>"; };
		4AE4AD2828D5C11A0055FEA8 /* SceneDelegate.swift */ = {isa = PBXFileReference; lastKnownFileType = sourcecode.swift; path = SceneDelegate.swift; sourceTree = "<group>"; };
		4AE4AD2A28D5C11A0055FEA8 /* ViewController.swift */ = {isa = PBXFileReference; lastKnownFileType = sourcecode.swift; path = ViewController.swift; sourceTree = "<group>"; };
		4AE4AD2D28D5C11A0055FEA8 /* Base */ = {isa = PBXFileReference; lastKnownFileType = file.storyboard; name = Base; path = Base.lproj/Main.storyboard; sourceTree = "<group>"; };
		4AE4AD2F28D5C11C0055FEA8 /* Assets.xcassets */ = {isa = PBXFileReference; lastKnownFileType = folder.assetcatalog; path = Assets.xcassets; sourceTree = "<group>"; };
		4AE4AD3228D5C11C0055FEA8 /* Base */ = {isa = PBXFileReference; lastKnownFileType = file.storyboard; name = Base; path = Base.lproj/LaunchScreen.storyboard; sourceTree = "<group>"; };
		4AE4AD3428D5C11C0055FEA8 /* Info.plist */ = {isa = PBXFileReference; lastKnownFileType = text.plist.xml; path = Info.plist; sourceTree = "<group>"; };
		4AE4AD3928D5C11C0055FEA8 /* Porsche WidgetTests.xctest */ = {isa = PBXFileReference; explicitFileType = wrapper.cfbundle; includeInIndex = 0; path = "Porsche WidgetTests.xctest"; sourceTree = BUILT_PRODUCTS_DIR; };
		4AE4AD3D28D5C11C0055FEA8 /* Porsche_WidgetTests.swift */ = {isa = PBXFileReference; lastKnownFileType = sourcecode.swift; path = Porsche_WidgetTests.swift; sourceTree = "<group>"; };
		4AE4AD4328D5C11C0055FEA8 /* Porsche WidgetUITests.xctest */ = {isa = PBXFileReference; explicitFileType = wrapper.cfbundle; includeInIndex = 0; path = "Porsche WidgetUITests.xctest"; sourceTree = BUILT_PRODUCTS_DIR; };
		4AE4AD4728D5C11C0055FEA8 /* Porsche_WidgetUITests.swift */ = {isa = PBXFileReference; lastKnownFileType = sourcecode.swift; path = Porsche_WidgetUITests.swift; sourceTree = "<group>"; };
		4AE4AD4928D5C11C0055FEA8 /* Porsche_WidgetUITestsLaunchTests.swift */ = {isa = PBXFileReference; lastKnownFileType = sourcecode.swift; path = Porsche_WidgetUITestsLaunchTests.swift; sourceTree = "<group>"; };
/* End PBXFileReference section */

/* Begin PBXFrameworksBuildPhase section */
		4AE4AD2028D5C11A0055FEA8 /* Frameworks */ = {
			isa = PBXFrameworksBuildPhase;
			buildActionMask = 2147483647;
			files = (
			);
			runOnlyForDeploymentPostprocessing = 0;
		};
		4AE4AD3628D5C11C0055FEA8 /* Frameworks */ = {
			isa = PBXFrameworksBuildPhase;
			buildActionMask = 2147483647;
			files = (
			);
			runOnlyForDeploymentPostprocessing = 0;
		};
		4AE4AD4028D5C11C0055FEA8 /* Frameworks */ = {
			isa = PBXFrameworksBuildPhase;
			buildActionMask = 2147483647;
			files = (
			);
			runOnlyForDeploymentPostprocessing = 0;
		};
/* End PBXFrameworksBuildPhase section */

/* Begin PBXGroup section */
		4AE4AD1A28D5C11A0055FEA8 = {
			isa = PBXGroup;
			children = (
				4AE4AD2528D5C11A0055FEA8 /* Porsche Widget */,
				4AE4AD3C28D5C11C0055FEA8 /* Porsche WidgetTests */,
				4AE4AD4628D5C11C0055FEA8 /* Porsche WidgetUITests */,
				4AE4AD2428D5C11A0055FEA8 /* Products */,
			);
			sourceTree = "<group>";
		};
		4AE4AD2428D5C11A0055FEA8 /* Products */ = {
			isa = PBXGroup;
			children = (
				4AE4AD2328D5C11A0055FEA8 /* Porsche Widget.app */,
				4AE4AD3928D5C11C0055FEA8 /* Porsche WidgetTests.xctest */,
				4AE4AD4328D5C11C0055FEA8 /* Porsche WidgetUITests.xctest */,
			);
			name = Products;
			sourceTree = "<group>";
		};
		4AE4AD2528D5C11A0055FEA8 /* Porsche Widget */ = {
			isa = PBXGroup;
			children = (
				4AE4AD2628D5C11A0055FEA8 /* AppDelegate.swift */,
				4AE4AD2828D5C11A0055FEA8 /* SceneDelegate.swift */,
				4AE4AD2A28D5C11A0055FEA8 /* ViewController.swift */,
				4AE4AD2C28D5C11A0055FEA8 /* Main.storyboard */,
				4AE4AD2F28D5C11C0055FEA8 /* Assets.xcassets */,
				4AE4AD3128D5C11C0055FEA8 /* LaunchScreen.storyboard */,
				4AE4AD3428D5C11C0055FEA8 /* Info.plist */,
			);
			path = "Porsche Widget";
			sourceTree = "<group>";
		};
		4AE4AD3C28D5C11C0055FEA8 /* Porsche WidgetTests */ = {
			isa = PBXGroup;
			children = (
				4AE4AD3D28D5C11C0055FEA8 /* Porsche_WidgetTests.swift */,
			);
			path = "Porsche WidgetTests";
			sourceTree = "<group>";
		};
		4AE4AD4628D5C11C0055FEA8 /* Porsche WidgetUITests */ = {
			isa = PBXGroup;
			children = (
				4AE4AD4728D5C11C0055FEA8 /* Porsche_WidgetUITests.swift */,
				4AE4AD4928D5C11C0055FEA8 /* Porsche_WidgetUITestsLaunchTests.swift */,
			);
			path = "Porsche WidgetUITests";
			sourceTree = "<group>";
		};
/* End PBXGroup section */

/* Begin PBXNativeTarget section */
		4AE4AD2228D5C11A0055FEA8 /* Porsche Widget */ = {
			isa = PBXNativeTarget;
			buildConfigurationList = 4AE4AD4D28D5C11C0055FEA8 /* Build configuration list for PBXNativeTarget "Porsche Widget" */;
			buildPhases = (
				4AE4AD1F28D5C11A0055FEA8 /* Sources */,
				4AE4AD2028D5C11A0055FEA8 /* Frameworks */,
				4AE4AD2128D5C11A0055FEA8 /* Resources */,
			);
			buildRules = (
			);
			dependencies = (
			);
			name = "Porsche Widget";
			productName = "Porsche Widget";
			productReference = 4AE4AD2328D5C11A0055FEA8 /* Porsche Widget.app */;
			productType = "com.apple.product-type.application";
		};
		4AE4AD3828D5C11C0055FEA8 /* Porsche WidgetTests */ = {
			isa = PBXNativeTarget;
			buildConfigurationList = 4AE4AD5028D5C11C0055FEA8 /* Build configuration list for PBXNativeTarget "Porsche WidgetTests" */;
			buildPhases = (
				4AE4AD3528D5C11C0055FEA8 /* Sources */,
				4AE4AD3628D5C11C0055FEA8 /* Frameworks */,
				4AE4AD3728D5C11C0055FEA8 /* Resources */,
			);
			buildRules = (
			);
			dependencies = (
				4AE4AD3B28D5C11C0055FEA8 /* PBXTargetDependency */,
			);
			name = "Porsche WidgetTests";
			productName = "Porsche WidgetTests";
			productReference = 4AE4AD3928D5C11C0055FEA8 /* Porsche WidgetTests.xctest */;
			productType = "com.apple.product-type.bundle.unit-test";
		};
		4AE4AD4228D5C11C0055FEA8 /* Porsche WidgetUITests */ = {
			isa = PBXNativeTarget;
			buildConfigurationList = 4AE4AD5328D5C11C0055FEA8 /* Build configuration list for PBXNativeTarget "Porsche WidgetUITests" */;
			buildPhases = (
				4AE4AD3F28D5C11C0055FEA8 /* Sources */,
				4AE4AD4028D5C11C0055FEA8 /* Frameworks */,
				4AE4AD4128D5C11C0055FEA8 /* Resources */,
			);
			buildRules = (
			);
			dependencies = (
				4AE4AD4528D5C11C0055FEA8 /* PBXTargetDependency */,
			);
			name = "Porsche WidgetUITests";
			productName = "Porsche WidgetUITests";
			productReference = 4AE4AD4328D5C11C0055FEA8 /* Porsche WidgetUITests.xctest */;
			productType = "com.apple.product-type.bundle.ui-testing";
		};
/* End PBXNativeTarget section */

/* Begin PBXProject section */
		4AE4AD1B28D5C11A0055FEA8 /* Project object */ = {
			isa = PBXProject;
			attributes = {
				BuildIndependentTargetsInParallel = 1;
				LastSwiftUpdateCheck = 1340;
				LastUpgradeCheck = 1340;
				TargetAttributes = {
					4AE4AD2228D5C11A0055FEA8 = {
						CreatedOnToolsVersion = 13.4.1;
					};
					4AE4AD3828D5C11C0055FEA8 = {
						CreatedOnToolsVersion = 13.4.1;
						TestTargetID = 4AE4AD2228D5C11A0055FEA8;
					};
					4AE4AD4228D5C11C0055FEA8 = {
						CreatedOnToolsVersion = 13.4.1;
						TestTargetID = 4AE4AD2228D5C11A0055FEA8;
					};
				};
			};
			buildConfigurationList = 4AE4AD1E28D5C11A0055FEA8 /* Build configuration list for PBXProject "Porsche Widget" */;
			compatibilityVersion = "Xcode 13.0";
			developmentRegion = en;
			hasScannedForEncodings = 0;
			knownRegions = (
				en,
				Base,
			);
			mainGroup = 4AE4AD1A28D5C11A0055FEA8;
			productRefGroup = 4AE4AD2428D5C11A0055FEA8 /* Products */;
			projectDirPath = "";
			projectRoot = "";
			targets = (
				4AE4AD2228D5C11A0055FEA8 /* Porsche Widget */,
				4AE4AD3828D5C11C0055FEA8 /* Porsche WidgetTests */,
				4AE4AD4228D5C11C0055FEA8 /* Porsche WidgetUITests */,
			);
		};
/* End PBXProject section */

/* Begin PBXResourcesBuildPhase section */
		4AE4AD2128D5C11A0055FEA8 /* Resources */ = {
			isa = PBXResourcesBuildPhase;
			buildActionMask = 2147483647;
			files = (
				4AE4AD3328D5C11C0055FEA8 /* LaunchScreen.storyboard in Resources */,
				4AE4AD3028D5C11C0055FEA8 /* Assets.xcassets in Resources */,
				4AE4AD2E28D5C11A0055FEA8 /* Main.storyboard in Resources */,
			);
			runOnlyForDeploymentPostprocessing = 0;
		};
		4AE4AD3728D5C11C0055FEA8 /* Resources */ = {
			isa = PBXResourcesBuildPhase;
			buildActionMask = 2147483647;
			files = (
			);
			runOnlyForDeploymentPostprocessing = 0;
		};
		4AE4AD4128D5C11C0055FEA8 /* Resources */ = {
			isa = PBXResourcesBuildPhase;
			buildActionMask = 2147483647;
			files = (
			);
			runOnlyForDeploymentPostprocessing = 0;
		};
/* End PBXResourcesBuildPhase section */

/* Begin PBXSourcesBuildPhase section */
		4AE4AD1F28D5C11A0055FEA8 /* Sources */ = {
			isa = PBXSourcesBuildPhase;
			buildActionMask = 2147483647;
			files = (
				4AE4AD2B28D5C11A0055FEA8 /* ViewController.swift in Sources */,
				4AE4AD2728D5C11A0055FEA8 /* AppDelegate.swift in Sources */,
				4AE4AD2928D5C11A0055FEA8 /* SceneDelegate.swift in Sources */,
			);
			runOnlyForDeploymentPostprocessing = 0;
		};
		4AE4AD3528D5C11C0055FEA8 /* Sources */ = {
			isa = PBXSourcesBuildPhase;
			buildActionMask = 2147483647;
			files = (
				4AE4AD3E28D5C11C0055FEA8 /* Porsche_WidgetTests.swift in Sources */,
			);
			runOnlyForDeploymentPostprocessing = 0;
		};
		4AE4AD3F28D5C11C0055FEA8 /* Sources */ = {
			isa = PBXSourcesBuildPhase;
			buildActionMask = 2147483647;
			files = (
				4AE4AD4828D5C11C0055FEA8 /* Porsche_WidgetUITests.swift in Sources */,
				4AE4AD4A28D5C11C0055FEA8 /* Porsche_WidgetUITestsLaunchTests.swift in Sources */,
			);
			runOnlyForDeploymentPostprocessing = 0;
		};
/* End PBXSourcesBuildPhase section */

/* Begin PBXTargetDependency section */
		4AE4AD3B28D5C11C0055FEA8 /* PBXTargetDependency */ = {
			isa = PBXTargetDependency;
			target = 4AE4AD2228D5C11A0055FEA8 /* Porsche Widget */;
			targetProxy = 4AE4AD3A28D5C11C0055FEA8 /* PBXContainerItemProxy */;
		};
		4AE4AD4528D5C11C0055FEA8 /* PBXTargetDependency */ = {
			isa = PBXTargetDependency;
			target = 4AE4AD2228D5C11A0055FEA8 /* Porsche Widget */;
			targetProxy = 4AE4AD4428D5C11C0055FEA8 /* PBXContainerItemProxy */;
		};
/* End PBXTargetDependency section */

/* Begin PBXVariantGroup section */
		4AE4AD2C28D5C11A0055FEA8 /* Main.storyboard */ = {
			isa = PBXVariantGroup;
			children = (
				4AE4AD2D28D5C11A0055FEA8 /* Base */,
			);
			name = Main.storyboard;
			sourceTree = "<group>";
		};
		4AE4AD3128D5C11C0055FEA8 /* LaunchScreen.storyboard */ = {
			isa = PBXVariantGroup;
			children = (
				4AE4AD3228D5C11C0055FEA8 /* Base */,
			);
			name = LaunchScreen.storyboard;
			sourceTree = "<group>";
		};
/* End PBXVariantGroup section */

/* Begin XCBuildConfiguration section */
		4AE4AD4B28D5C11C0055FEA8 /* Debug */ = {
			isa = XCBuildConfiguration;
			buildSettings = {
				ALWAYS_SEARCH_USER_PATHS = NO;
				CLANG_ANALYZER_NONNULL = YES;
				CLANG_ANALYZER_NUMBER_OBJECT_CONVERSION = YES_AGGRESSIVE;
				CLANG_CXX_LANGUAGE_STANDARD = "gnu++17";
				CLANG_ENABLE_MODULES = YES;
				CLANG_ENABLE_OBJC_ARC = YES;
				CLANG_ENABLE_OBJC_WEAK = YES;
				CLANG_WARN_BLOCK_CAPTURE_AUTORELEASING = YES;
				CLANG_WARN_BOOL_CONVERSION = YES;
				CLANG_WARN_COMMA = YES;
				CLANG_WARN_CONSTANT_CONVERSION = YES;
				CLANG_WARN_DEPRECATED_OBJC_IMPLEMENTATIONS = YES;
				CLANG_WARN_DIRECT_OBJC_ISA_USAGE = YES_ERROR;
				CLANG_WARN_DOCUMENTATION_COMMENTS = YES;
				CLANG_WARN_EMPTY_BODY = YES;
				CLANG_WARN_ENUM_CONVERSION = YES;
				CLANG_WARN_INFINITE_RECURSION = YES;
				CLANG_WARN_INT_CONVERSION = YES;
				CLANG_WARN_NON_LITERAL_NULL_CONVERSION = YES;
				CLANG_WARN_OBJC_IMPLICIT_RETAIN_SELF = YES;
				CLANG_WARN_OBJC_LITERAL_CONVERSION = YES;
				CLANG_WARN_OBJC_ROOT_CLASS = YES_ERROR;
				CLANG_WARN_QUOTED_INCLUDE_IN_FRAMEWORK_HEADER = YES;
				CLANG_WARN_RANGE_LOOP_ANALYSIS = YES;
				CLANG_WARN_STRICT_PROTOTYPES = YES;
				CLANG_WARN_SUSPICIOUS_MOVE = YES;
				CLANG_WARN_UNGUARDED_AVAILABILITY = YES_AGGRESSIVE;
				CLANG_WARN_UNREACHABLE_CODE = YES;
				CLANG_WARN__DUPLICATE_METHOD_MATCH = YES;
				COPY_PHASE_STRIP = NO;
				DEBUG_INFORMATION_FORMAT = dwarf;
				ENABLE_STRICT_OBJC_MSGSEND = YES;
				ENABLE_TESTABILITY = YES;
				GCC_C_LANGUAGE_STANDARD = gnu11;
				GCC_DYNAMIC_NO_PIC = NO;
				GCC_NO_COMMON_BLOCKS = YES;
				GCC_OPTIMIZATION_LEVEL = 0;
				GCC_PREPROCESSOR_DEFINITIONS = (
					"DEBUG=1",
					"$(inherited)",
				);
				GCC_WARN_64_TO_32_BIT_CONVERSION = YES;
				GCC_WARN_ABOUT_RETURN_TYPE = YES_ERROR;
				GCC_WARN_UNDECLARED_SELECTOR = YES;
				GCC_WARN_UNINITIALIZED_AUTOS = YES_AGGRESSIVE;
				GCC_WARN_UNUSED_FUNCTION = YES;
				GCC_WARN_UNUSED_VARIABLE = YES;
				IPHONEOS_DEPLOYMENT_TARGET = 15.5;
				MTL_ENABLE_DEBUG_INFO = INCLUDE_SOURCE;
				MTL_FAST_MATH = YES;
				ONLY_ACTIVE_ARCH = YES;
				SDKROOT = iphoneos;
				SWIFT_ACTIVE_COMPILATION_CONDITIONS = DEBUG;
				SWIFT_OPTIMIZATION_LEVEL = "-Onone";
			};
			name = Debug;
		};
		4AE4AD4C28D5C11C0055FEA8 /* Release */ = {
			isa = XCBuildConfiguration;
			buildSettings = {
				ALWAYS_SEARCH_USER_PATHS = NO;
				CLANG_ANALYZER_NONNULL = YES;
				CLANG_ANALYZER_NUMBER_OBJECT_CONVERSION = YES_AGGRESSIVE;
				CLANG_CXX_LANGUAGE_STANDARD = "gnu++17";
				CLANG_ENABLE_MODULES = YES;
				CLANG_ENABLE_OBJC_ARC = YES;
				CLANG_ENABLE_OBJC_WEAK = YES;
				CLANG_WARN_BLOCK_CAPTURE_AUTORELEASING = YES;
				CLANG_WARN_BOOL_CONVERSION = YES;
				CLANG_WARN_COMMA = YES;
				CLANG_WARN_CONSTANT_CONVERSION = YES;
				CLANG_WARN_DEPRECATED_OBJC_IMPLEMENTATIONS = YES;
				CLANG_WARN_DIRECT_OBJC_ISA_USAGE = YES_ERROR;
				CLANG_WARN_DOCUMENTATION_COMMENTS = YES;
				CLANG_WARN_EMPTY_BODY = YES;
				CLANG_WARN_ENUM_CONVERSION = YES;
				CLANG_WARN_INFINITE_RECURSION = YES;
				CLANG_WARN_INT_CONVERSION = YES;
				CLANG_WARN_NON_LITERAL_NULL_CONVERSION = YES;
				CLANG_WARN_OBJC_IMPLICIT_RETAIN_SELF = YES;
				CLANG_WARN_OBJC_LITERAL_CONVERSION = YES;
				CLANG_WARN_OBJC_ROOT_CLASS = YES_ERROR;
				CLANG_WARN_QUOTED_INCLUDE_IN_FRAMEWORK_HEADER = YES;
				CLANG_WARN_RANGE_LOOP_ANALYSIS = YES;
				CLANG_WARN_STRICT_PROTOTYPES = YES;
				CLANG_WARN_SUSPICIOUS_MOVE = YES;
				CLANG_WARN_UNGUARDED_AVAILABILITY = YES_AGGRESSIVE;
				CLANG_WARN_UNREACHABLE_CODE = YES;
				CLANG_WARN__DUPLICATE_METHOD_MATCH = YES;
				COPY_PHASE_STRIP = NO;
				DEBUG_INFORMATION_FORMAT = "dwarf-with-dsym";
				ENABLE_NS_ASSERTIONS = NO;
				ENABLE_STRICT_OBJC_MSGSEND = YES;
				GCC_C_LANGUAGE_STANDARD = gnu11;
				GCC_NO_COMMON_BLOCKS = YES;
				GCC_WARN_64_TO_32_BIT_CONVERSION = YES;
				GCC_WARN_ABOUT_RETURN_TYPE = YES_ERROR;
				GCC_WARN_UNDECLARED_SELECTOR = YES;
				GCC_WARN_UNINITIALIZED_AUTOS = YES_AGGRESSIVE;
				GCC_WARN_UNUSED_FUNCTION = YES;
				GCC_WARN_UNUSED_VARIABLE = YES;
				IPHONEOS_DEPLOYMENT_TARGET = 15.5;
				MTL_ENABLE_DEBUG_INFO = NO;
				MTL_FAST_MATH = YES;
				SDKROOT = iphoneos;
				SWIFT_COMPILATION_MODE = wholemodule;
				SWIFT_OPTIMIZATION_LEVEL = "-O";
				VALIDATE_PRODUCT = YES;
			};
			name = Release;
		};
		4AE4AD4E28D5C11C0055FEA8 /* Debug */ = {
			isa = XCBuildConfiguration;
			buildSettings = {
				ASSETCATALOG_COMPILER_APPICON_NAME = AppIcon;
				ASSETCATALOG_COMPILER_GLOBAL_ACCENT_COLOR_NAME = AccentColor;
				CODE_SIGN_STYLE = Automatic;
				CURRENT_PROJECT_VERSION = 1;
				DEVELOPMENT_TEAM = CMCESWENEQ;
				GENERATE_INFOPLIST_FILE = YES;
				INFOPLIST_FILE = "Porsche Widget/Info.plist";
				INFOPLIST_KEY_UIApplicationSupportsIndirectInputEvents = YES;
				INFOPLIST_KEY_UILaunchStoryboardName = LaunchScreen;
				INFOPLIST_KEY_UIMainStoryboardFile = Main;
				INFOPLIST_KEY_UISupportedInterfaceOrientations_iPad = "UIInterfaceOrientationPortrait UIInterfaceOrientationPortraitUpsideDown UIInterfaceOrientationLandscapeLeft UIInterfaceOrientationLandscapeRight";
				INFOPLIST_KEY_UISupportedInterfaceOrientations_iPhone = "UIInterfaceOrientationPortrait UIInterfaceOrientationLandscapeLeft UIInterfaceOrientationLandscapeRight";
				LD_RUNPATH_SEARCH_PATHS = (
					"$(inherited)",
					"@executable_path/Frameworks",
				);
				MARKETING_VERSION = 1.0;
				PRODUCT_BUNDLE_IDENTIFIER = "com.cyberfacility.Porsche-Widget";
				PRODUCT_NAME = "$(TARGET_NAME)";
				SWIFT_EMIT_LOC_STRINGS = YES;
				SWIFT_VERSION = 5.0;
				TARGETED_DEVICE_FAMILY = "1,2";
			};
			name = Debug;
		};
		4AE4AD4F28D5C11C0055FEA8 /* Release */ = {
			isa = XCBuildConfiguration;
			buildSettings = {
				ASSETCATALOG_COMPILER_APPICON_NAME = AppIcon;
				ASSETCATALOG_COMPILER_GLOBAL_ACCENT_COLOR_NAME = AccentColor;
				CODE_SIGN_STYLE = Automatic;
				CURRENT_PROJECT_VERSION = 1;
				DEVELOPMENT_TEAM = CMCESWENEQ;
				GENERATE_INFOPLIST_FILE = YES;
				INFOPLIST_FILE = "Porsche Widget/Info.plist";
				INFOPLIST_KEY_UIApplicationSupportsIndirectInputEvents = YES;
				INFOPLIST_KEY_UILaunchStoryboardName = LaunchScreen;
				INFOPLIST_KEY_UIMainStoryboardFile = Main;
				INFOPLIST_KEY_UISupportedInterfaceOrientations_iPad = "UIInterfaceOrientationPortrait UIInterfaceOrientationPortraitUpsideDown UIInterfaceOrientationLandscapeLeft UIInterfaceOrientationLandscapeRight";
				INFOPLIST_KEY_UISupportedInterfaceOrientations_iPhone = "UIInterfaceOrientationPortrait UIInterfaceOrientationLandscapeLeft UIInterfaceOrientationLandscapeRight";
				LD_RUNPATH_SEARCH_PATHS = (
					"$(inherited)",
					"@executable_path/Frameworks",
				);
				MARKETING_VERSION = 1.0;
				PRODUCT_BUNDLE_IDENTIFIER = "com.cyberfacility.Porsche-Widget";
				PRODUCT_NAME = "$(TARGET_NAME)";
				SWIFT_EMIT_LOC_STRINGS = YES;
				SWIFT_VERSION = 5.0;
				TARGETED_DEVICE_FAMILY = "1,2";
			};
			name = Release;
		};
		4AE4AD5128D5C11C0055FEA8 /* Debug */ = {
			isa = XCBuildConfiguration;
			buildSettings = {
				ALWAYS_EMBED_SWIFT_STANDARD_LIBRARIES = YES;
				BUNDLE_LOADER = "$(TEST_HOST)";
				CODE_SIGN_STYLE = Automatic;
				CURRENT_PROJECT_VERSION = 1;
				DEVELOPMENT_TEAM = CMCESWENEQ;
				GENERATE_INFOPLIST_FILE = YES;
				IPHONEOS_DEPLOYMENT_TARGET = 15.5;
				MARKETING_VERSION = 1.0;
				PRODUCT_BUNDLE_IDENTIFIER = "com.cyberfacility.Porsche-WidgetTests";
				PRODUCT_NAME = "$(TARGET_NAME)";
				SWIFT_EMIT_LOC_STRINGS = NO;
				SWIFT_VERSION = 5.0;
				TARGETED_DEVICE_FAMILY = "1,2";
				TEST_HOST = "$(BUILT_PRODUCTS_DIR)/Porsche Widget.app/Porsche Widget";
			};
			name = Debug;
		};
		4AE4AD5228D5C11C0055FEA8 /* Release */ = {
			isa = XCBuildConfiguration;
			buildSettings = {
				ALWAYS_EMBED_SWIFT_STANDARD_LIBRARIES = YES;
				BUNDLE_LOADER = "$(TEST_HOST)";
				CODE_SIGN_STYLE = Automatic;
				CURRENT_PROJECT_VERSION = 1;
				DEVELOPMENT_TEAM = CMCESWENEQ;
				GENERATE_INFOPLIST_FILE = YES;
				IPHONEOS_DEPLOYMENT_TARGET = 15.5;
				MARKETING_VERSION = 1.0;
				PRODUCT_BUNDLE_IDENTIFIER = "com.cyberfacility.Porsche-WidgetTests";
				PRODUCT_NAME = "$(TARGET_NAME)";
				SWIFT_EMIT_LOC_STRINGS = NO;
				SWIFT_VERSION = 5.0;
				TARGETED_DEVICE_FAMILY = "1,2";
				TEST_HOST = "$(BUILT_PRODUCTS_DIR)/Porsche Widget.app/Porsche Widget";
			};
			name = Release;
		};
		4AE4AD5428D5C11C0055FEA8 /* Debug */ = {
			isa = XCBuildConfiguration;
			buildSettings = {
				ALWAYS_EMBED_SWIFT_STANDARD_LIBRARIES = YES;
				CODE_SIGN_STYLE = Automatic;
				CURRENT_PROJECT_VERSION = 1;
				DEVELOPMENT_TEAM = CMCESWENEQ;
				GENERATE_INFOPLIST_FILE = YES;
				MARKETING_VERSION = 1.0;
				PRODUCT_BUNDLE_IDENTIFIER = "com.cyberfacility.Porsche-WidgetUITests";
				PRODUCT_NAME = "$(TARGET_NAME)";
				SWIFT_EMIT_LOC_STRINGS = NO;
				SWIFT_VERSION = 5.0;
				TARGETED_DEVICE_FAMILY = "1,2";
				TEST_TARGET_NAME = "Porsche Widget";
			};
			name = Debug;
		};
		4AE4AD5528D5C11C0055FEA8 /* Release */ = {
			isa = XCBuildConfiguration;
			buildSettings = {
				ALWAYS_EMBED_SWIFT_STANDARD_LIBRARIES = YES;
				CODE_SIGN_STYLE = Automatic;
				CURRENT_PROJECT_VERSION = 1;
				DEVELOPMENT_TEAM = CMCESWENEQ;
				GENERATE_INFOPLIST_FILE = YES;
				MARKETING_VERSION = 1.0;
				PRODUCT_BUNDLE_IDENTIFIER = "com.cyberfacility.Porsche-WidgetUITests";
				PRODUCT_NAME = "$(TARGET_NAME)";
				SWIFT_EMIT_LOC_STRINGS = NO;
				SWIFT_VERSION = 5.0;
				TARGETED_DEVICE_FAMILY = "1,2";
				TEST_TARGET_NAME = "Porsche Widget";
			};
			name = Release;
		};
/* End XCBuildConfiguration section */

/* Begin XCConfigurationList section */
		4AE4AD1E28D5C11A0055FEA8 /* Build configuration list for PBXProject "Porsche Widget" */ = {
			isa = XCConfigurationList;
			buildConfigurations = (
				4AE4AD4B28D5C11C0055FEA8 /* Debug */,
				4AE4AD4C28D5C11C0055FEA8 /* Release */,
			);
			defaultConfigurationIsVisible = 0;
			defaultConfigurationName = Release;
		};
		4AE4AD4D28D5C11C0055FEA8 /* Build configuration list for PBXNativeTarget "Porsche Widget" */ = {
			isa = XCConfigurationList;
			buildConfigurations = (
				4AE4AD4E28D5C11C0055FEA8 /* Debug */,
				4AE4AD4F28D5C11C0055FEA8 /* Release */,
			);
			defaultConfigurationIsVisible = 0;
			defaultConfigurationName = Release;
		};
		4AE4AD5028D5C11C0055FEA8 /* Build configuration list for PBXNativeTarget "Porsche WidgetTests" */ = {
			isa = XCConfigurationList;
			buildConfigurations = (
				4AE4AD5128D5C11C0055FEA8 /* Debug */,
				4AE4AD5228D5C11C0055FEA8 /* Release */,
			);
			defaultConfigurationIsVisible = 0;
			defaultConfigurationName = Release;
		};
		4AE4AD5328D5C11C0055FEA8 /* Build configuration list for PBXNativeTarget "Porsche WidgetUITests" */ = {
			isa = XCConfigurationList;
			buildConfigurations = (
				4AE4AD5428D5C11C0055FEA8 /* Debug */,
				4AE4AD5528D5C11C0055FEA8 /* Release */,
			);
			defaultConfigurationIsVisible = 0;
			defaultConfigurationName = Release;
		};
/* End XCConfigurationList section */
	};
	rootObject = 4AE4AD1B28D5C11A0055FEA8 /* Project object */;
}
