// !$*UTF8*$!
{
	archiveVersion = 1;
	classes = {
	};
	objectVersion = 55;
	objects = {

/* Begin PBXBuildFile section */
		0CA937DF0309AA2DB3E3097A /* Pods_Porsche_WidgetTests.framework in Frameworks */ = {isa = PBXBuildFile; fileRef = 5F729A4340A969A1288AB306 /* Pods_Porsche_WidgetTests.framework */; };
		38DD394062F4DAE03E9A293F /* Pods_Porsche_Widget.framework in Frameworks */ = {isa = PBXBuildFile; fileRef = 802F8CD62D8BAC40507FEFDC /* Pods_Porsche_Widget.framework */; };
		4A16D6552913CF660058AB6A /* WebViewPage.swift in Sources */ = {isa = PBXBuildFile; fileRef = 4A16D6542913CF660058AB6A /* WebViewPage.swift */; };
		4A493E5F28FEE78B00EE0E35 /* WidgetKit.framework in Frameworks */ = {isa = PBXBuildFile; fileRef = 4A493E5E28FEE78B00EE0E35 /* WidgetKit.framework */; };
		4A493E6128FEE78B00EE0E35 /* SwiftUI.framework in Frameworks */ = {isa = PBXBuildFile; fileRef = 4A493E6028FEE78B00EE0E35 /* SwiftUI.framework */; };
		4A493E6428FEE78B00EE0E35 /* MyPorsche.swift in Sources */ = {isa = PBXBuildFile; fileRef = 4A493E6328FEE78B00EE0E35 /* MyPorsche.swift */; };
		4A493E6728FEE78C00EE0E35 /* Assets.xcassets in Resources */ = {isa = PBXBuildFile; fileRef = 4A493E6628FEE78C00EE0E35 /* Assets.xcassets */; };
		4A493E6928FEE78C00EE0E35 /* MyPorsche.intentdefinition in Sources */ = {isa = PBXBuildFile; fileRef = 4A493E6528FEE78B00EE0E35 /* MyPorsche.intentdefinition */; };
		4A493E6A28FEE78C00EE0E35 /* MyPorsche.intentdefinition in Sources */ = {isa = PBXBuildFile; fileRef = 4A493E6528FEE78B00EE0E35 /* MyPorsche.intentdefinition */; };
		4A493E6D28FEE78C00EE0E35 /* MyPorscheExtension.appex in Embed Foundation Extensions */ = {isa = PBXBuildFile; fileRef = 4A493E5D28FEE78B00EE0E35 /* MyPorscheExtension.appex */; settings = {ATTRIBUTES = (RemoveHeadersOnCopy, ); }; };
		4A787D6228D7E74F00EF8EE9 /* LoginPage.swift in Sources */ = {isa = PBXBuildFile; fileRef = 4A787D6128D7E74F00EF8EE9 /* LoginPage.swift */; };
		4A8E326B28DD024900A19B27 /* PorscheConnect.swift in Sources */ = {isa = PBXBuildFile; fileRef = 4A8E326128DD024800A19B27 /* PorscheConnect.swift */; };
		4A8E326C28DD024900A19B27 /* Constants.swift in Sources */ = {isa = PBXBuildFile; fileRef = 4A8E326228DD024800A19B27 /* Constants.swift */; };
		4A8E326D28DD024900A19B27 /* PorscheConnect+Portal.swift in Sources */ = {isa = PBXBuildFile; fileRef = 4A8E326328DD024900A19B27 /* PorscheConnect+Portal.swift */; };
		4A8E326E28DD024900A19B27 /* NetworkRoutes.swift in Sources */ = {isa = PBXBuildFile; fileRef = 4A8E326428DD024900A19B27 /* NetworkRoutes.swift */; };
		4A8E326F28DD024900A19B27 /* PorscheConnect+CarControl.swift in Sources */ = {isa = PBXBuildFile; fileRef = 4A8E326528DD024900A19B27 /* PorscheConnect+CarControl.swift */; };
		4A8E327028DD024900A19B27 /* NetworkClient.swift in Sources */ = {isa = PBXBuildFile; fileRef = 4A8E326628DD024900A19B27 /* NetworkClient.swift */; };
		4A8E327128DD024900A19B27 /* Extensions.swift in Sources */ = {isa = PBXBuildFile; fileRef = 4A8E326728DD024900A19B27 /* Extensions.swift */; };
		4A8E327228DD024900A19B27 /* Models.swift in Sources */ = {isa = PBXBuildFile; fileRef = 4A8E326828DD024900A19B27 /* Models.swift */; };
		4A8E327328DD024900A19B27 /* PorscheConnect+Auth.swift in Sources */ = {isa = PBXBuildFile; fileRef = 4A8E326928DD024900A19B27 /* PorscheConnect+Auth.swift */; };
		4A8E327428DD024900A19B27 /* CodeChallenger.swift in Sources */ = {isa = PBXBuildFile; fileRef = 4A8E326A28DD024900A19B27 /* CodeChallenger.swift */; };
		4A8E327628DD08D400A19B27 /* PorscheManager.swift in Sources */ = {isa = PBXBuildFile; fileRef = 4A8E327528DD08D400A19B27 /* PorscheManager.swift */; };
		4A8E327828DD13AE00A19B27 /* HomeNavigationController.swift in Sources */ = {isa = PBXBuildFile; fileRef = 4A8E327728DD13AE00A19B27 /* HomeNavigationController.swift */; };
		4A8E327A28DD13D500A19B27 /* Home.swift in Sources */ = {isa = PBXBuildFile; fileRef = 4A8E327928DD13D500A19B27 /* Home.swift */; };
		4AA8127D28F8585600DB9718 /* SplashscreenPage.swift in Sources */ = {isa = PBXBuildFile; fileRef = 4AA8127C28F8585600DB9718 /* SplashscreenPage.swift */; };
		4AA8127F28F85B1600DB9718 /* User.swift in Sources */ = {isa = PBXBuildFile; fileRef = 4AA8127E28F85B1600DB9718 /* User.swift */; };
		4AE4AD2728D5C11A0055FEA8 /* AppDelegate.swift in Sources */ = {isa = PBXBuildFile; fileRef = 4AE4AD2628D5C11A0055FEA8 /* AppDelegate.swift */; };
		4AE4AD2928D5C11A0055FEA8 /* SceneDelegate.swift in Sources */ = {isa = PBXBuildFile; fileRef = 4AE4AD2828D5C11A0055FEA8 /* SceneDelegate.swift */; };
		4AE4AD2B28D5C11A0055FEA8 /* ViewController.swift in Sources */ = {isa = PBXBuildFile; fileRef = 4AE4AD2A28D5C11A0055FEA8 /* ViewController.swift */; };
		4AE4AD2E28D5C11A0055FEA8 /* Main.storyboard in Resources */ = {isa = PBXBuildFile; fileRef = 4AE4AD2C28D5C11A0055FEA8 /* Main.storyboard */; };
		4AE4AD3028D5C11C0055FEA8 /* Assets.xcassets in Resources */ = {isa = PBXBuildFile; fileRef = 4AE4AD2F28D5C11C0055FEA8 /* Assets.xcassets */; };
		4AE4AD3328D5C11C0055FEA8 /* LaunchScreen.storyboard in Resources */ = {isa = PBXBuildFile; fileRef = 4AE4AD3128D5C11C0055FEA8 /* LaunchScreen.storyboard */; };
		4AE4AD3E28D5C11C0055FEA8 /* Porsche_WidgetTests.swift in Sources */ = {isa = PBXBuildFile; fileRef = 4AE4AD3D28D5C11C0055FEA8 /* Porsche_WidgetTests.swift */; };
		4AE4AD4828D5C11C0055FEA8 /* Porsche_WidgetUITests.swift in Sources */ = {isa = PBXBuildFile; fileRef = 4AE4AD4728D5C11C0055FEA8 /* Porsche_WidgetUITests.swift */; };
		4AE4AD4A28D5C11C0055FEA8 /* Porsche_WidgetUITestsLaunchTests.swift in Sources */ = {isa = PBXBuildFile; fileRef = 4AE4AD4928D5C11C0055FEA8 /* Porsche_WidgetUITestsLaunchTests.swift */; };
		DC41B4E63BE3BDEFE8B808E7 /* Pods_Porsche_Widget_Porsche_WidgetUITests.framework in Frameworks */ = {isa = PBXBuildFile; fileRef = 7372DBAD0BF7F9B3232D5D11 /* Pods_Porsche_Widget_Porsche_WidgetUITests.framework */; };
/* End PBXBuildFile section */

/* Begin PBXContainerItemProxy section */
		4A493E6B28FEE78C00EE0E35 /* PBXContainerItemProxy */ = {
			isa = PBXContainerItemProxy;
			containerPortal = 4AE4AD1B28D5C11A0055FEA8 /* Project object */;
			proxyType = 1;
			remoteGlobalIDString = 4A493E5C28FEE78B00EE0E35;
			remoteInfo = MyPorscheExtension;
		};
		4AE4AD3A28D5C11C0055FEA8 /* PBXContainerItemProxy */ = {
			isa = PBXContainerItemProxy;
			containerPortal = 4AE4AD1B28D5C11A0055FEA8 /* Project object */;
			proxyType = 1;
			remoteGlobalIDString = 4AE4AD2228D5C11A0055FEA8;
			remoteInfo = "Porsche Widget";
		};
		4AE4AD4428D5C11C0055FEA8 /* PBXContainerItemProxy */ = {
			isa = PBXContainerItemProxy;
			containerPortal = 4AE4AD1B28D5C11A0055FEA8 /* Project object */;
			proxyType = 1;
			remoteGlobalIDString = 4AE4AD2228D5C11A0055FEA8;
			remoteInfo = "Porsche Widget";
		};
/* End PBXContainerItemProxy section */

/* Begin PBXCopyFilesBuildPhase section */
		4A493E6E28FEE78C00EE0E35 /* Embed Foundation Extensions */ = {
			isa = PBXCopyFilesBuildPhase;
			buildActionMask = 2147483647;
			dstPath = "";
			dstSubfolderSpec = 13;
			files = (
				4A493E6D28FEE78C00EE0E35 /* MyPorscheExtension.appex in Embed Foundation Extensions */,
			);
			name = "Embed Foundation Extensions";
			runOnlyForDeploymentPostprocessing = 0;
		};
/* End PBXCopyFilesBuildPhase section */

/* Begin PBXFileReference section */
		3AD3C6632A4651154FFBBB19 /* Pods-Porsche WidgetTests.debug.xcconfig */ = {isa = PBXFileReference; includeInIndex = 1; lastKnownFileType = text.xcconfig; name = "Pods-Porsche WidgetTests.debug.xcconfig"; path = "Target Support Files/Pods-Porsche WidgetTests/Pods-Porsche WidgetTests.debug.xcconfig"; sourceTree = "<group>"; };
		3E58880D4EEF781B7DB21F74 /* Pods-Porsche Widget.debug.xcconfig */ = {isa = PBXFileReference; includeInIndex = 1; lastKnownFileType = text.xcconfig; name = "Pods-Porsche Widget.debug.xcconfig"; path = "Target Support Files/Pods-Porsche Widget/Pods-Porsche Widget.debug.xcconfig"; sourceTree = "<group>"; };
		4A16D6542913CF660058AB6A /* WebViewPage.swift */ = {isa = PBXFileReference; lastKnownFileType = sourcecode.swift; path = WebViewPage.swift; sourceTree = "<group>"; };
		4A24BA4E2901948F00A57060 /* Porsche Widget.entitlements */ = {isa = PBXFileReference; lastKnownFileType = text.plist.entitlements; path = "Porsche Widget.entitlements"; sourceTree = "<group>"; };
		4A24BA4F290194B800A57060 /* MyPorscheExtension.entitlements */ = {isa = PBXFileReference; lastKnownFileType = text.plist.entitlements; path = MyPorscheExtension.entitlements; sourceTree = "<group>"; };
		4A493E5D28FEE78B00EE0E35 /* MyPorscheExtension.appex */ = {isa = PBXFileReference; explicitFileType = "wrapper.app-extension"; includeInIndex = 0; path = MyPorscheExtension.appex; sourceTree = BUILT_PRODUCTS_DIR; };
		4A493E5E28FEE78B00EE0E35 /* WidgetKit.framework */ = {isa = PBXFileReference; lastKnownFileType = wrapper.framework; name = WidgetKit.framework; path = System/Library/Frameworks/WidgetKit.framework; sourceTree = SDKROOT; };
		4A493E6028FEE78B00EE0E35 /* SwiftUI.framework */ = {isa = PBXFileReference; lastKnownFileType = wrapper.framework; name = SwiftUI.framework; path = System/Library/Frameworks/SwiftUI.framework; sourceTree = SDKROOT; };
		4A493E6328FEE78B00EE0E35 /* MyPorsche.swift */ = {isa = PBXFileReference; lastKnownFileType = sourcecode.swift; path = MyPorsche.swift; sourceTree = "<group>"; };
		4A493E6528FEE78B00EE0E35 /* MyPorsche.intentdefinition */ = {isa = PBXFileReference; lastKnownFileType = file.intentdefinition; path = MyPorsche.intentdefinition; sourceTree = "<group>"; };
		4A493E6628FEE78C00EE0E35 /* Assets.xcassets */ = {isa = PBXFileReference; lastKnownFileType = folder.assetcatalog; path = Assets.xcassets; sourceTree = "<group>"; };
		4A493E6828FEE78C00EE0E35 /* Info.plist */ = {isa = PBXFileReference; lastKnownFileType = text.plist.xml; path = Info.plist; sourceTree = "<group>"; };
		4A787D6128D7E74F00EF8EE9 /* LoginPage.swift */ = {isa = PBXFileReference; lastKnownFileType = sourcecode.swift; path = LoginPage.swift; sourceTree = "<group>"; };
		4A8E326128DD024800A19B27 /* PorscheConnect.swift */ = {isa = PBXFileReference; fileEncoding = 4; lastKnownFileType = sourcecode.swift; path = PorscheConnect.swift; sourceTree = "<group>"; };
		4A8E326228DD024800A19B27 /* Constants.swift */ = {isa = PBXFileReference; fileEncoding = 4; lastKnownFileType = sourcecode.swift; path = Constants.swift; sourceTree = "<group>"; };
		4A8E326328DD024900A19B27 /* PorscheConnect+Portal.swift */ = {isa = PBXFileReference; fileEncoding = 4; lastKnownFileType = sourcecode.swift; path = "PorscheConnect+Portal.swift"; sourceTree = "<group>"; };
		4A8E326428DD024900A19B27 /* NetworkRoutes.swift */ = {isa = PBXFileReference; fileEncoding = 4; lastKnownFileType = sourcecode.swift; path = NetworkRoutes.swift; sourceTree = "<group>"; };
		4A8E326528DD024900A19B27 /* PorscheConnect+CarControl.swift */ = {isa = PBXFileReference; fileEncoding = 4; lastKnownFileType = sourcecode.swift; path = "PorscheConnect+CarControl.swift"; sourceTree = "<group>"; };
		4A8E326628DD024900A19B27 /* NetworkClient.swift */ = {isa = PBXFileReference; fileEncoding = 4; lastKnownFileType = sourcecode.swift; path = NetworkClient.swift; sourceTree = "<group>"; };
		4A8E326728DD024900A19B27 /* Extensions.swift */ = {isa = PBXFileReference; fileEncoding = 4; lastKnownFileType = sourcecode.swift; path = Extensions.swift; sourceTree = "<group>"; };
		4A8E326828DD024900A19B27 /* Models.swift */ = {isa = PBXFileReference; fileEncoding = 4; lastKnownFileType = sourcecode.swift; path = Models.swift; sourceTree = "<group>"; };
		4A8E326928DD024900A19B27 /* PorscheConnect+Auth.swift */ = {isa = PBXFileReference; fileEncoding = 4; lastKnownFileType = sourcecode.swift; path = "PorscheConnect+Auth.swift"; sourceTree = "<group>"; };
		4A8E326A28DD024900A19B27 /* CodeChallenger.swift */ = {isa = PBXFileReference; fileEncoding = 4; lastKnownFileType = sourcecode.swift; path = CodeChallenger.swift; sourceTree = "<group>"; };
		4A8E327528DD08D400A19B27 /* PorscheManager.swift */ = {isa = PBXFileReference; lastKnownFileType = sourcecode.swift; path = PorscheManager.swift; sourceTree = "<group>"; };
		4A8E327728DD13AE00A19B27 /* HomeNavigationController.swift */ = {isa = PBXFileReference; lastKnownFileType = sourcecode.swift; path = HomeNavigationController.swift; sourceTree = "<group>"; };
		4A8E327928DD13D500A19B27 /* Home.swift */ = {isa = PBXFileReference; lastKnownFileType = sourcecode.swift; path = Home.swift; sourceTree = "<group>"; };
		4AA8127C28F8585600DB9718 /* SplashscreenPage.swift */ = {isa = PBXFileReference; lastKnownFileType = sourcecode.swift; path = SplashscreenPage.swift; sourceTree = "<group>"; };
		4AA8127E28F85B1600DB9718 /* User.swift */ = {isa = PBXFileReference; lastKnownFileType = sourcecode.swift; path = User.swift; sourceTree = "<group>"; };
		4AE4AD2328D5C11A0055FEA8 /* Porsche Widget.app */ = {isa = PBXFileReference; explicitFileType = wrapper.application; includeInIndex = 0; path = "Porsche Widget.app"; sourceTree = BUILT_PRODUCTS_DIR; };
		4AE4AD2628D5C11A0055FEA8 /* AppDelegate.swift */ = {isa = PBXFileReference; lastKnownFileType = sourcecode.swift; path = AppDelegate.swift; sourceTree = "<group>"; };
		4AE4AD2828D5C11A0055FEA8 /* SceneDelegate.swift */ = {isa = PBXFileReference; lastKnownFileType = sourcecode.swift; path = SceneDelegate.swift; sourceTree = "<group>"; };
		4AE4AD2A28D5C11A0055FEA8 /* ViewController.swift */ = {isa = PBXFileReference; lastKnownFileType = sourcecode.swift; path = ViewController.swift; sourceTree = "<group>"; };
		4AE4AD2D28D5C11A0055FEA8 /* Base */ = {isa = PBXFileReference; lastKnownFileType = file.storyboard; name = Base; path = Base.lproj/Main.storyboard; sourceTree = "<group>"; };
		4AE4AD2F28D5C11C0055FEA8 /* Assets.xcassets */ = {isa = PBXFileReference; lastKnownFileType = folder.assetcatalog; path = Assets.xcassets; sourceTree = "<group>"; };
		4AE4AD3228D5C11C0055FEA8 /* Base */ = {isa = PBXFileReference; lastKnownFileType = file.storyboard; name = Base; path = Base.lproj/LaunchScreen.storyboard; sourceTree = "<group>"; };
		4AE4AD3428D5C11C0055FEA8 /* Info.plist */ = {isa = PBXFileReference; lastKnownFileType = text.plist.xml; path = Info.plist; sourceTree = "<group>"; };
		4AE4AD3928D5C11C0055FEA8 /* Porsche WidgetTests.xctest */ = {isa = PBXFileReference; explicitFileType = wrapper.cfbundle; includeInIndex = 0; path = "Porsche WidgetTests.xctest"; sourceTree = BUILT_PRODUCTS_DIR; };
		4AE4AD3D28D5C11C0055FEA8 /* Porsche_WidgetTests.swift */ = {isa = PBXFileReference; lastKnownFileType = sourcecode.swift; path = Porsche_WidgetTests.swift; sourceTree = "<group>"; };
		4AE4AD4328D5C11C0055FEA8 /* Porsche WidgetUITests.xctest */ = {isa = PBXFileReference; explicitFileType = wrapper.cfbundle; includeInIndex = 0; path = "Porsche WidgetUITests.xctest"; sourceTree = BUILT_PRODUCTS_DIR; };
		4AE4AD4728D5C11C0055FEA8 /* Porsche_WidgetUITests.swift */ = {isa = PBXFileReference; lastKnownFileType = sourcecode.swift; path = Porsche_WidgetUITests.swift; sourceTree = "<group>"; };
		4AE4AD4928D5C11C0055FEA8 /* Porsche_WidgetUITestsLaunchTests.swift */ = {isa = PBXFileReference; lastKnownFileType = sourcecode.swift; path = Porsche_WidgetUITestsLaunchTests.swift; sourceTree = "<group>"; };
		5992F7AF02EAB8E1E8D4A0C1 /* Pods-Porsche Widget-Porsche WidgetUITests.debug.xcconfig */ = {isa = PBXFileReference; includeInIndex = 1; lastKnownFileType = text.xcconfig; name = "Pods-Porsche Widget-Porsche WidgetUITests.debug.xcconfig"; path = "Target Support Files/Pods-Porsche Widget-Porsche WidgetUITests/Pods-Porsche Widget-Porsche WidgetUITests.debug.xcconfig"; sourceTree = "<group>"; };
		5F729A4340A969A1288AB306 /* Pods_Porsche_WidgetTests.framework */ = {isa = PBXFileReference; explicitFileType = wrapper.framework; includeInIndex = 0; path = Pods_Porsche_WidgetTests.framework; sourceTree = BUILT_PRODUCTS_DIR; };
		7372DBAD0BF7F9B3232D5D11 /* Pods_Porsche_Widget_Porsche_WidgetUITests.framework */ = {isa = PBXFileReference; explicitFileType = wrapper.framework; includeInIndex = 0; path = Pods_Porsche_Widget_Porsche_WidgetUITests.framework; sourceTree = BUILT_PRODUCTS_DIR; };
		802F8CD62D8BAC40507FEFDC /* Pods_Porsche_Widget.framework */ = {isa = PBXFileReference; explicitFileType = wrapper.framework; includeInIndex = 0; path = Pods_Porsche_Widget.framework; sourceTree = BUILT_PRODUCTS_DIR; };
		C8A60C55DDD3ABC8E8DE5A3C /* Pods-Porsche Widget.release.xcconfig */ = {isa = PBXFileReference; includeInIndex = 1; lastKnownFileType = text.xcconfig; name = "Pods-Porsche Widget.release.xcconfig"; path = "Target Support Files/Pods-Porsche Widget/Pods-Porsche Widget.release.xcconfig"; sourceTree = "<group>"; };
		DFD4B049DE4D4AB75695EDDB /* Pods-Porsche Widget-Porsche WidgetUITests.release.xcconfig */ = {isa = PBXFileReference; includeInIndex = 1; lastKnownFileType = text.xcconfig; name = "Pods-Porsche Widget-Porsche WidgetUITests.release.xcconfig"; path = "Target Support Files/Pods-Porsche Widget-Porsche WidgetUITests/Pods-Porsche Widget-Porsche WidgetUITests.release.xcconfig"; sourceTree = "<group>"; };
		E2F4E1BE1F739927372123E2 /* Pods-Porsche WidgetTests.release.xcconfig */ = {isa = PBXFileReference; includeInIndex = 1; lastKnownFileType = text.xcconfig; name = "Pods-Porsche WidgetTests.release.xcconfig"; path = "Target Support Files/Pods-Porsche WidgetTests/Pods-Porsche WidgetTests.release.xcconfig"; sourceTree = "<group>"; };
/* End PBXFileReference section */

/* Begin PBXFrameworksBuildPhase section */
		4A493E5A28FEE78B00EE0E35 /* Frameworks */ = {
			isa = PBXFrameworksBuildPhase;
			buildActionMask = 2147483647;
			files = (
				4A493E6128FEE78B00EE0E35 /* SwiftUI.framework in Frameworks */,
				4A493E5F28FEE78B00EE0E35 /* WidgetKit.framework in Frameworks */,
			);
			runOnlyForDeploymentPostprocessing = 0;
		};
		4AE4AD2028D5C11A0055FEA8 /* Frameworks */ = {
			isa = PBXFrameworksBuildPhase;
			buildActionMask = 2147483647;
			files = (
				38DD394062F4DAE03E9A293F /* Pods_Porsche_Widget.framework in Frameworks */,
			);
			runOnlyForDeploymentPostprocessing = 0;
		};
		4AE4AD3628D5C11C0055FEA8 /* Frameworks */ = {
			isa = PBXFrameworksBuildPhase;
			buildActionMask = 2147483647;
			files = (
				0CA937DF0309AA2DB3E3097A /* Pods_Porsche_WidgetTests.framework in Frameworks */,
			);
			runOnlyForDeploymentPostprocessing = 0;
		};
		4AE4AD4028D5C11C0055FEA8 /* Frameworks */ = {
			isa = PBXFrameworksBuildPhase;
			buildActionMask = 2147483647;
			files = (
				DC41B4E63BE3BDEFE8B808E7 /* Pods_Porsche_Widget_Porsche_WidgetUITests.framework in Frameworks */,
			);
			runOnlyForDeploymentPostprocessing = 0;
		};
/* End PBXFrameworksBuildPhase section */

/* Begin PBXGroup section */
		4A493E6228FEE78B00EE0E35 /* MyPorsche */ = {
			isa = PBXGroup;
			children = (
				4A493E6328FEE78B00EE0E35 /* MyPorsche.swift */,
				4A493E6528FEE78B00EE0E35 /* MyPorsche.intentdefinition */,
				4A493E6628FEE78C00EE0E35 /* Assets.xcassets */,
				4A493E6828FEE78C00EE0E35 /* Info.plist */,
			);
			path = MyPorsche;
			sourceTree = "<group>";
		};
		4AE4AD1A28D5C11A0055FEA8 = {
			isa = PBXGroup;
			children = (
				4A24BA4F290194B800A57060 /* MyPorscheExtension.entitlements */,
				4AE4AD2528D5C11A0055FEA8 /* Porsche Widget */,
				4AE4AD3C28D5C11C0055FEA8 /* Porsche WidgetTests */,
				4AE4AD4628D5C11C0055FEA8 /* Porsche WidgetUITests */,
				4A493E6228FEE78B00EE0E35 /* MyPorsche */,
				4AE4AD2428D5C11A0055FEA8 /* Products */,
				F266BCCCB559A0C68EA31BA5 /* Pods */,
				BBDD2D708BE11154C03263C3 /* Frameworks */,
			);
			sourceTree = "<group>";
		};
		4AE4AD2428D5C11A0055FEA8 /* Products */ = {
			isa = PBXGroup;
			children = (
				4AE4AD2328D5C11A0055FEA8 /* Porsche Widget.app */,
				4AE4AD3928D5C11C0055FEA8 /* Porsche WidgetTests.xctest */,
				4AE4AD4328D5C11C0055FEA8 /* Porsche WidgetUITests.xctest */,
				4A493E5D28FEE78B00EE0E35 /* MyPorscheExtension.appex */,
			);
			name = Products;
			sourceTree = "<group>";
		};
		4AE4AD2528D5C11A0055FEA8 /* Porsche Widget */ = {
			isa = PBXGroup;
			children = (
				4A24BA4E2901948F00A57060 /* Porsche Widget.entitlements */,
				4A8E326A28DD024900A19B27 /* CodeChallenger.swift */,
				4A8E326228DD024800A19B27 /* Constants.swift */,
				4A8E326728DD024900A19B27 /* Extensions.swift */,
				4A8E326828DD024900A19B27 /* Models.swift */,
				4A8E326628DD024900A19B27 /* NetworkClient.swift */,
				4A8E326428DD024900A19B27 /* NetworkRoutes.swift */,
				4A8E326128DD024800A19B27 /* PorscheConnect.swift */,
				4A8E326928DD024900A19B27 /* PorscheConnect+Auth.swift */,
				4A8E326528DD024900A19B27 /* PorscheConnect+CarControl.swift */,
				4A8E326328DD024900A19B27 /* PorscheConnect+Portal.swift */,
				4AE4AD2628D5C11A0055FEA8 /* AppDelegate.swift */,
				4AE4AD2828D5C11A0055FEA8 /* SceneDelegate.swift */,
				4AE4AD2A28D5C11A0055FEA8 /* ViewController.swift */,
				4AE4AD2C28D5C11A0055FEA8 /* Main.storyboard */,
				4AE4AD2F28D5C11C0055FEA8 /* Assets.xcassets */,
				4AE4AD3128D5C11C0055FEA8 /* LaunchScreen.storyboard */,
				4AE4AD3428D5C11C0055FEA8 /* Info.plist */,
				4A787D6128D7E74F00EF8EE9 /* LoginPage.swift */,
				4A8E327528DD08D400A19B27 /* PorscheManager.swift */,
				4A8E327728DD13AE00A19B27 /* HomeNavigationController.swift */,
				4A8E327928DD13D500A19B27 /* Home.swift */,
				4AA8127C28F8585600DB9718 /* SplashscreenPage.swift */,
				4AA8127E28F85B1600DB9718 /* User.swift */,
				4A16D6542913CF660058AB6A /* WebViewPage.swift */,
			);
			path = "Porsche Widget";
			sourceTree = "<group>";
		};
		4AE4AD3C28D5C11C0055FEA8 /* Porsche WidgetTests */ = {
			isa = PBXGroup;
			children = (
				4AE4AD3D28D5C11C0055FEA8 /* Porsche_WidgetTests.swift */,
			);
			path = "Porsche WidgetTests";
			sourceTree = "<group>";
		};
		4AE4AD4628D5C11C0055FEA8 /* Porsche WidgetUITests */ = {
			isa = PBXGroup;
			children = (
				4AE4AD4728D5C11C0055FEA8 /* Porsche_WidgetUITests.swift */,
				4AE4AD4928D5C11C0055FEA8 /* Porsche_WidgetUITestsLaunchTests.swift */,
			);
			path = "Porsche WidgetUITests";
			sourceTree = "<group>";
		};
		BBDD2D708BE11154C03263C3 /* Frameworks */ = {
			isa = PBXGroup;
			children = (
				802F8CD62D8BAC40507FEFDC /* Pods_Porsche_Widget.framework */,
				7372DBAD0BF7F9B3232D5D11 /* Pods_Porsche_Widget_Porsche_WidgetUITests.framework */,
				5F729A4340A969A1288AB306 /* Pods_Porsche_WidgetTests.framework */,
				4A493E5E28FEE78B00EE0E35 /* WidgetKit.framework */,
				4A493E6028FEE78B00EE0E35 /* SwiftUI.framework */,
			);
			name = Frameworks;
			sourceTree = "<group>";
		};
		F266BCCCB559A0C68EA31BA5 /* Pods */ = {
			isa = PBXGroup;
			children = (
				3E58880D4EEF781B7DB21F74 /* Pods-Porsche Widget.debug.xcconfig */,
				C8A60C55DDD3ABC8E8DE5A3C /* Pods-Porsche Widget.release.xcconfig */,
				5992F7AF02EAB8E1E8D4A0C1 /* Pods-Porsche Widget-Porsche WidgetUITests.debug.xcconfig */,
				DFD4B049DE4D4AB75695EDDB /* Pods-Porsche Widget-Porsche WidgetUITests.release.xcconfig */,
				3AD3C6632A4651154FFBBB19 /* Pods-Porsche WidgetTests.debug.xcconfig */,
				E2F4E1BE1F739927372123E2 /* Pods-Porsche WidgetTests.release.xcconfig */,
			);
			path = Pods;
			sourceTree = "<group>";
		};
/* End PBXGroup section */

/* Begin PBXNativeTarget section */
		4A493E5C28FEE78B00EE0E35 /* MyPorscheExtension */ = {
			isa = PBXNativeTarget;
			buildConfigurationList = 4A493E7128FEE78C00EE0E35 /* Build configuration list for PBXNativeTarget "MyPorscheExtension" */;
			buildPhases = (
				4A493E5928FEE78B00EE0E35 /* Sources */,
				4A493E5A28FEE78B00EE0E35 /* Frameworks */,
				4A493E5B28FEE78B00EE0E35 /* Resources */,
			);
			buildRules = (
			);
			dependencies = (
			);
			name = MyPorscheExtension;
			productName = MyPorscheExtension;
			productReference = 4A493E5D28FEE78B00EE0E35 /* MyPorscheExtension.appex */;
			productType = "com.apple.product-type.app-extension";
		};
		4AE4AD2228D5C11A0055FEA8 /* Porsche Widget */ = {
			isa = PBXNativeTarget;
			buildConfigurationList = 4AE4AD4D28D5C11C0055FEA8 /* Build configuration list for PBXNativeTarget "Porsche Widget" */;
			buildPhases = (
				04AEB39AAAB2DE8256EE566D /* [CP] Check Pods Manifest.lock */,
				4AE4AD1F28D5C11A0055FEA8 /* Sources */,
				4AE4AD2028D5C11A0055FEA8 /* Frameworks */,
				4AE4AD2128D5C11A0055FEA8 /* Resources */,
				EA11AEFE5DECFAACFC1E190B /* [CP] Embed Pods Frameworks */,
				4A493E6E28FEE78C00EE0E35 /* Embed Foundation Extensions */,
			);
			buildRules = (
			);
			dependencies = (
				4A493E6C28FEE78C00EE0E35 /* PBXTargetDependency */,
			);
			name = "Porsche Widget";
			productName = "Porsche Widget";
			productReference = 4AE4AD2328D5C11A0055FEA8 /* Porsche Widget.app */;
			productType = "com.apple.product-type.application";
		};
		4AE4AD3828D5C11C0055FEA8 /* Porsche WidgetTests */ = {
			isa = PBXNativeTarget;
			buildConfigurationList = 4AE4AD5028D5C11C0055FEA8 /* Build configuration list for PBXNativeTarget "Porsche WidgetTests" */;
			buildPhases = (
				D3B58FE9B48A9BD614E2F9B3 /* [CP] Check Pods Manifest.lock */,
				4AE4AD3528D5C11C0055FEA8 /* Sources */,
				4AE4AD3628D5C11C0055FEA8 /* Frameworks */,
				4AE4AD3728D5C11C0055FEA8 /* Resources */,
			);
			buildRules = (
			);
			dependencies = (
				4AE4AD3B28D5C11C0055FEA8 /* PBXTargetDependency */,
			);
			name = "Porsche WidgetTests";
			productName = "Porsche WidgetTests";
			productReference = 4AE4AD3928D5C11C0055FEA8 /* Porsche WidgetTests.xctest */;
			productType = "com.apple.product-type.bundle.unit-test";
		};
		4AE4AD4228D5C11C0055FEA8 /* Porsche WidgetUITests */ = {
			isa = PBXNativeTarget;
			buildConfigurationList = 4AE4AD5328D5C11C0055FEA8 /* Build configuration list for PBXNativeTarget "Porsche WidgetUITests" */;
			buildPhases = (
				7FB77D482C0720E722529377 /* [CP] Check Pods Manifest.lock */,
				4AE4AD3F28D5C11C0055FEA8 /* Sources */,
				4AE4AD4028D5C11C0055FEA8 /* Frameworks */,
				4AE4AD4128D5C11C0055FEA8 /* Resources */,
				AAA7D799F92C390133764C8D /* [CP] Embed Pods Frameworks */,
			);
			buildRules = (
			);
			dependencies = (
				4AE4AD4528D5C11C0055FEA8 /* PBXTargetDependency */,
			);
			name = "Porsche WidgetUITests";
			productName = "Porsche WidgetUITests";
			productReference = 4AE4AD4328D5C11C0055FEA8 /* Porsche WidgetUITests.xctest */;
			productType = "com.apple.product-type.bundle.ui-testing";
		};
/* End PBXNativeTarget section */

/* Begin PBXProject section */
		4AE4AD1B28D5C11A0055FEA8 /* Project object */ = {
			isa = PBXProject;
			attributes = {
				BuildIndependentTargetsInParallel = 1;
				LastSwiftUpdateCheck = 1400;
				LastUpgradeCheck = 1340;
				TargetAttributes = {
					4A493E5C28FEE78B00EE0E35 = {
						CreatedOnToolsVersion = 14.0;
					};
					4AE4AD2228D5C11A0055FEA8 = {
						CreatedOnToolsVersion = 13.4.1;
					};
					4AE4AD3828D5C11C0055FEA8 = {
						CreatedOnToolsVersion = 13.4.1;
						TestTargetID = 4AE4AD2228D5C11A0055FEA8;
					};
					4AE4AD4228D5C11C0055FEA8 = {
						CreatedOnToolsVersion = 13.4.1;
						TestTargetID = 4AE4AD2228D5C11A0055FEA8;
					};
				};
			};
			buildConfigurationList = 4AE4AD1E28D5C11A0055FEA8 /* Build configuration list for PBXProject "Porsche Widget" */;
			compatibilityVersion = "Xcode 13.0";
			developmentRegion = en;
			hasScannedForEncodings = 0;
			knownRegions = (
				en,
				Base,
			);
			mainGroup = 4AE4AD1A28D5C11A0055FEA8;
			productRefGroup = 4AE4AD2428D5C11A0055FEA8 /* Products */;
			projectDirPath = "";
			projectRoot = "";
			targets = (
				4AE4AD2228D5C11A0055FEA8 /* Porsche Widget */,
				4AE4AD3828D5C11C0055FEA8 /* Porsche WidgetTests */,
				4AE4AD4228D5C11C0055FEA8 /* Porsche WidgetUITests */,
				4A493E5C28FEE78B00EE0E35 /* MyPorscheExtension */,
			);
		};
/* End PBXProject section */

/* Begin PBXResourcesBuildPhase section */
		4A493E5B28FEE78B00EE0E35 /* Resources */ = {
			isa = PBXResourcesBuildPhase;
			buildActionMask = 2147483647;
			files = (
				4A493E6728FEE78C00EE0E35 /* Assets.xcassets in Resources */,
			);
			runOnlyForDeploymentPostprocessing = 0;
		};
		4AE4AD2128D5C11A0055FEA8 /* Resources */ = {
			isa = PBXResourcesBuildPhase;
			buildActionMask = 2147483647;
			files = (
				4AE4AD3328D5C11C0055FEA8 /* LaunchScreen.storyboard in Resources */,
				4AE4AD3028D5C11C0055FEA8 /* Assets.xcassets in Resources */,
				4AE4AD2E28D5C11A0055FEA8 /* Main.storyboard in Resources */,
			);
			runOnlyForDeploymentPostprocessing = 0;
		};
		4AE4AD3728D5C11C0055FEA8 /* Resources */ = {
			isa = PBXResourcesBuildPhase;
			buildActionMask = 2147483647;
			files = (
			);
			runOnlyForDeploymentPostprocessing = 0;
		};
		4AE4AD4128D5C11C0055FEA8 /* Resources */ = {
			isa = PBXResourcesBuildPhase;
			buildActionMask = 2147483647;
			files = (
			);
			runOnlyForDeploymentPostprocessing = 0;
		};
/* End PBXResourcesBuildPhase section */

/* Begin PBXShellScriptBuildPhase section */
		04AEB39AAAB2DE8256EE566D /* [CP] Check Pods Manifest.lock */ = {
			isa = PBXShellScriptBuildPhase;
			buildActionMask = 2147483647;
			files = (
			);
			inputFileListPaths = (
			);
			inputPaths = (
				"${PODS_PODFILE_DIR_PATH}/Podfile.lock",
				"${PODS_ROOT}/Manifest.lock",
			);
			name = "[CP] Check Pods Manifest.lock";
			outputFileListPaths = (
			);
			outputPaths = (
				"$(DERIVED_FILE_DIR)/Pods-Porsche Widget-checkManifestLockResult.txt",
			);
			runOnlyForDeploymentPostprocessing = 0;
			shellPath = /bin/sh;
			shellScript = "diff \"${PODS_PODFILE_DIR_PATH}/Podfile.lock\" \"${PODS_ROOT}/Manifest.lock\" > /dev/null\nif [ $? != 0 ] ; then\n    # print error to STDERR\n    echo \"error: The sandbox is not in sync with the Podfile.lock. Run 'pod install' or update your CocoaPods installation.\" >&2\n    exit 1\nfi\n# This output is used by Xcode 'outputs' to avoid re-running this script phase.\necho \"SUCCESS\" > \"${SCRIPT_OUTPUT_FILE_0}\"\n";
			showEnvVarsInLog = 0;
		};
		7FB77D482C0720E722529377 /* [CP] Check Pods Manifest.lock */ = {
			isa = PBXShellScriptBuildPhase;
			buildActionMask = 2147483647;
			files = (
			);
			inputFileListPaths = (
			);
			inputPaths = (
				"${PODS_PODFILE_DIR_PATH}/Podfile.lock",
				"${PODS_ROOT}/Manifest.lock",
			);
			name = "[CP] Check Pods Manifest.lock";
			outputFileListPaths = (
			);
			outputPaths = (
				"$(DERIVED_FILE_DIR)/Pods-Porsche Widget-Porsche WidgetUITests-checkManifestLockResult.txt",
			);
			runOnlyForDeploymentPostprocessing = 0;
			shellPath = /bin/sh;
			shellScript = "diff \"${PODS_PODFILE_DIR_PATH}/Podfile.lock\" \"${PODS_ROOT}/Manifest.lock\" > /dev/null\nif [ $? != 0 ] ; then\n    # print error to STDERR\n    echo \"error: The sandbox is not in sync with the Podfile.lock. Run 'pod install' or update your CocoaPods installation.\" >&2\n    exit 1\nfi\n# This output is used by Xcode 'outputs' to avoid re-running this script phase.\necho \"SUCCESS\" > \"${SCRIPT_OUTPUT_FILE_0}\"\n";
			showEnvVarsInLog = 0;
		};
		AAA7D799F92C390133764C8D /* [CP] Embed Pods Frameworks */ = {
			isa = PBXShellScriptBuildPhase;
			buildActionMask = 2147483647;
			files = (
			);
			inputFileListPaths = (
				"${PODS_ROOT}/Target Support Files/Pods-Porsche Widget-Porsche WidgetUITests/Pods-Porsche Widget-Porsche WidgetUITests-frameworks-${CONFIGURATION}-input-files.xcfilelist",
			);
			name = "[CP] Embed Pods Frameworks";
			outputFileListPaths = (
				"${PODS_ROOT}/Target Support Files/Pods-Porsche Widget-Porsche WidgetUITests/Pods-Porsche Widget-Porsche WidgetUITests-frameworks-${CONFIGURATION}-output-files.xcfilelist",
			);
			runOnlyForDeploymentPostprocessing = 0;
			shellPath = /bin/sh;
			shellScript = "\"${PODS_ROOT}/Target Support Files/Pods-Porsche Widget-Porsche WidgetUITests/Pods-Porsche Widget-Porsche WidgetUITests-frameworks.sh\"\n";
			showEnvVarsInLog = 0;
		};
		D3B58FE9B48A9BD614E2F9B3 /* [CP] Check Pods Manifest.lock */ = {
			isa = PBXShellScriptBuildPhase;
			buildActionMask = 2147483647;
			files = (
			);
			inputFileListPaths = (
			);
			inputPaths = (
				"${PODS_PODFILE_DIR_PATH}/Podfile.lock",
				"${PODS_ROOT}/Manifest.lock",
			);
			name = "[CP] Check Pods Manifest.lock";
			outputFileListPaths = (
			);
			outputPaths = (
				"$(DERIVED_FILE_DIR)/Pods-Porsche WidgetTests-checkManifestLockResult.txt",
			);
			runOnlyForDeploymentPostprocessing = 0;
			shellPath = /bin/sh;
			shellScript = "diff \"${PODS_PODFILE_DIR_PATH}/Podfile.lock\" \"${PODS_ROOT}/Manifest.lock\" > /dev/null\nif [ $? != 0 ] ; then\n    # print error to STDERR\n    echo \"error: The sandbox is not in sync with the Podfile.lock. Run 'pod install' or update your CocoaPods installation.\" >&2\n    exit 1\nfi\n# This output is used by Xcode 'outputs' to avoid re-running this script phase.\necho \"SUCCESS\" > \"${SCRIPT_OUTPUT_FILE_0}\"\n";
			showEnvVarsInLog = 0;
		};
		EA11AEFE5DECFAACFC1E190B /* [CP] Embed Pods Frameworks */ = {
			isa = PBXShellScriptBuildPhase;
			buildActionMask = 2147483647;
			files = (
			);
			inputFileListPaths = (
				"${PODS_ROOT}/Target Support Files/Pods-Porsche Widget/Pods-Porsche Widget-frameworks-${CONFIGURATION}-input-files.xcfilelist",
			);
			name = "[CP] Embed Pods Frameworks";
			outputFileListPaths = (
				"${PODS_ROOT}/Target Support Files/Pods-Porsche Widget/Pods-Porsche Widget-frameworks-${CONFIGURATION}-output-files.xcfilelist",
			);
			runOnlyForDeploymentPostprocessing = 0;
			shellPath = /bin/sh;
			shellScript = "\"${PODS_ROOT}/Target Support Files/Pods-Porsche Widget/Pods-Porsche Widget-frameworks.sh\"\n";
			showEnvVarsInLog = 0;
		};
/* End PBXShellScriptBuildPhase section */

/* Begin PBXSourcesBuildPhase section */
		4A493E5928FEE78B00EE0E35 /* Sources */ = {
			isa = PBXSourcesBuildPhase;
			buildActionMask = 2147483647;
			files = (
				4A493E6428FEE78B00EE0E35 /* MyPorsche.swift in Sources */,
				4A493E6928FEE78C00EE0E35 /* MyPorsche.intentdefinition in Sources */,
			);
			runOnlyForDeploymentPostprocessing = 0;
		};
		4AE4AD1F28D5C11A0055FEA8 /* Sources */ = {
			isa = PBXSourcesBuildPhase;
			buildActionMask = 2147483647;
			files = (
				4A787D6228D7E74F00EF8EE9 /* LoginPage.swift in Sources */,
				4A8E327028DD024900A19B27 /* NetworkClient.swift in Sources */,
				4A8E327628DD08D400A19B27 /* PorscheManager.swift in Sources */,
				4A8E326B28DD024900A19B27 /* PorscheConnect.swift in Sources */,
				4A8E327228DD024900A19B27 /* Models.swift in Sources */,
				4A8E327328DD024900A19B27 /* PorscheConnect+Auth.swift in Sources */,
				4A8E327A28DD13D500A19B27 /* Home.swift in Sources */,
				4AA8127D28F8585600DB9718 /* SplashscreenPage.swift in Sources */,
				4A8E327828DD13AE00A19B27 /* HomeNavigationController.swift in Sources */,
				4A8E326E28DD024900A19B27 /* NetworkRoutes.swift in Sources */,
				4A8E326F28DD024900A19B27 /* PorscheConnect+CarControl.swift in Sources */,
				4A8E326D28DD024900A19B27 /* PorscheConnect+Portal.swift in Sources */,
				4AE4AD2B28D5C11A0055FEA8 /* ViewController.swift in Sources */,
				4A493E6A28FEE78C00EE0E35 /* MyPorsche.intentdefinition in Sources */,
				4A8E327428DD024900A19B27 /* CodeChallenger.swift in Sources */,
				4AE4AD2728D5C11A0055FEA8 /* AppDelegate.swift in Sources */,
				4A16D6552913CF660058AB6A /* WebViewPage.swift in Sources */,
				4AE4AD2928D5C11A0055FEA8 /* SceneDelegate.swift in Sources */,
				4A8E327128DD024900A19B27 /* Extensions.swift in Sources */,
				4A8E326C28DD024900A19B27 /* Constants.swift in Sources */,
				4AA8127F28F85B1600DB9718 /* User.swift in Sources */,
			);
			runOnlyForDeploymentPostprocessing = 0;
		};
		4AE4AD3528D5C11C0055FEA8 /* Sources */ = {
			isa = PBXSourcesBuildPhase;
			buildActionMask = 2147483647;
			files = (
				4AE4AD3E28D5C11C0055FEA8 /* Porsche_WidgetTests.swift in Sources */,
			);
			runOnlyForDeploymentPostprocessing = 0;
		};
		4AE4AD3F28D5C11C0055FEA8 /* Sources */ = {
			isa = PBXSourcesBuildPhase;
			buildActionMask = 2147483647;
			files = (
				4AE4AD4828D5C11C0055FEA8 /* Porsche_WidgetUITests.swift in Sources */,
				4AE4AD4A28D5C11C0055FEA8 /* Porsche_WidgetUITestsLaunchTests.swift in Sources */,
			);
			runOnlyForDeploymentPostprocessing = 0;
		};
/* End PBXSourcesBuildPhase section */

/* Begin PBXTargetDependency section */
		4A493E6C28FEE78C00EE0E35 /* PBXTargetDependency */ = {
			isa = PBXTargetDependency;
			target = 4A493E5C28FEE78B00EE0E35 /* MyPorscheExtension */;
			targetProxy = 4A493E6B28FEE78C00EE0E35 /* PBXContainerItemProxy */;
		};
		4AE4AD3B28D5C11C0055FEA8 /* PBXTargetDependency */ = {
			isa = PBXTargetDependency;
			target = 4AE4AD2228D5C11A0055FEA8 /* Porsche Widget */;
			targetProxy = 4AE4AD3A28D5C11C0055FEA8 /* PBXContainerItemProxy */;
		};
		4AE4AD4528D5C11C0055FEA8 /* PBXTargetDependency */ = {
			isa = PBXTargetDependency;
			target = 4AE4AD2228D5C11A0055FEA8 /* Porsche Widget */;
			targetProxy = 4AE4AD4428D5C11C0055FEA8 /* PBXContainerItemProxy */;
		};
/* End PBXTargetDependency section */

/* Begin PBXVariantGroup section */
		4AE4AD2C28D5C11A0055FEA8 /* Main.storyboard */ = {
			isa = PBXVariantGroup;
			children = (
				4AE4AD2D28D5C11A0055FEA8 /* Base */,
			);
			name = Main.storyboard;
			sourceTree = "<group>";
		};
		4AE4AD3128D5C11C0055FEA8 /* LaunchScreen.storyboard */ = {
			isa = PBXVariantGroup;
			children = (
				4AE4AD3228D5C11C0055FEA8 /* Base */,
			);
			name = LaunchScreen.storyboard;
			sourceTree = "<group>";
		};
/* End PBXVariantGroup section */

/* Begin XCBuildConfiguration section */
		4A493E6F28FEE78C00EE0E35 /* Debug */ = {
			isa = XCBuildConfiguration;
			buildSettings = {
				ASSETCATALOG_COMPILER_GLOBAL_ACCENT_COLOR_NAME = AccentColor;
				ASSETCATALOG_COMPILER_WIDGET_BACKGROUND_COLOR_NAME = WidgetBackground;
				CLANG_CXX_LANGUAGE_STANDARD = "gnu++20";
				CODE_SIGN_ENTITLEMENTS = MyPorscheExtension.entitlements;
				CODE_SIGN_STYLE = Automatic;
				CURRENT_PROJECT_VERSION = 1;
				DEVELOPMENT_TEAM = CMCESWENEQ;
				GENERATE_INFOPLIST_FILE = YES;
				INFOPLIST_FILE = MyPorsche/Info.plist;
				INFOPLIST_KEY_CFBundleDisplayName = MyPorsche;
				INFOPLIST_KEY_NSHumanReadableCopyright = "";
				IPHONEOS_DEPLOYMENT_TARGET = 16.0;
				LD_RUNPATH_SEARCH_PATHS = (
					"$(inherited)",
					"@executable_path/Frameworks",
					"@executable_path/../../Frameworks",
				);
				MARKETING_VERSION = 1.0;
				PRODUCT_BUNDLE_IDENTIFIER = "com.cyberfacility.Porsche-Widget.MyPorsche";
				PRODUCT_NAME = "$(TARGET_NAME)";
				SKIP_INSTALL = YES;
				SWIFT_EMIT_LOC_STRINGS = YES;
				SWIFT_VERSION = 5.0;
				TARGETED_DEVICE_FAMILY = "1,2";
			};
			name = Debug;
		};
		4A493E7028FEE78C00EE0E35 /* Release */ = {
			isa = XCBuildConfiguration;
			buildSettings = {
				ASSETCATALOG_COMPILER_GLOBAL_ACCENT_COLOR_NAME = AccentColor;
				ASSETCATALOG_COMPILER_WIDGET_BACKGROUND_COLOR_NAME = WidgetBackground;
				CLANG_CXX_LANGUAGE_STANDARD = "gnu++20";
				CODE_SIGN_ENTITLEMENTS = MyPorscheExtension.entitlements;
				CODE_SIGN_STYLE = Automatic;
				CURRENT_PROJECT_VERSION = 1;
				DEVELOPMENT_TEAM = CMCESWENEQ;
				GENERATE_INFOPLIST_FILE = YES;
				INFOPLIST_FILE = MyPorsche/Info.plist;
				INFOPLIST_KEY_CFBundleDisplayName = MyPorsche;
				INFOPLIST_KEY_NSHumanReadableCopyright = "";
				IPHONEOS_DEPLOYMENT_TARGET = 16.0;
				LD_RUNPATH_SEARCH_PATHS = (
					"$(inherited)",
					"@executable_path/Frameworks",
					"@executable_path/../../Frameworks",
				);
				MARKETING_VERSION = 1.0;
				PRODUCT_BUNDLE_IDENTIFIER = "com.cyberfacility.Porsche-Widget.MyPorsche";
				PRODUCT_NAME = "$(TARGET_NAME)";
				SKIP_INSTALL = YES;
				SWIFT_EMIT_LOC_STRINGS = YES;
				SWIFT_VERSION = 5.0;
				TARGETED_DEVICE_FAMILY = "1,2";
			};
			name = Release;
		};
		4AE4AD4B28D5C11C0055FEA8 /* Debug */ = {
			isa = XCBuildConfiguration;
			buildSettings = {
				ALWAYS_SEARCH_USER_PATHS = NO;
				CLANG_ANALYZER_NONNULL = YES;
				CLANG_ANALYZER_NUMBER_OBJECT_CONVERSION = YES_AGGRESSIVE;
				CLANG_CXX_LANGUAGE_STANDARD = "gnu++17";
				CLANG_ENABLE_MODULES = YES;
				CLANG_ENABLE_OBJC_ARC = YES;
				CLANG_ENABLE_OBJC_WEAK = YES;
				CLANG_WARN_BLOCK_CAPTURE_AUTORELEASING = YES;
				CLANG_WARN_BOOL_CONVERSION = YES;
				CLANG_WARN_COMMA = YES;
				CLANG_WARN_CONSTANT_CONVERSION = YES;
				CLANG_WARN_DEPRECATED_OBJC_IMPLEMENTATIONS = YES;
				CLANG_WARN_DIRECT_OBJC_ISA_USAGE = YES_ERROR;
				CLANG_WARN_DOCUMENTATION_COMMENTS = YES;
				CLANG_WARN_EMPTY_BODY = YES;
				CLANG_WARN_ENUM_CONVERSION = YES;
				CLANG_WARN_INFINITE_RECURSION = YES;
				CLANG_WARN_INT_CONVERSION = YES;
				CLANG_WARN_NON_LITERAL_NULL_CONVERSION = YES;
				CLANG_WARN_OBJC_IMPLICIT_RETAIN_SELF = YES;
				CLANG_WARN_OBJC_LITERAL_CONVERSION = YES;
				CLANG_WARN_OBJC_ROOT_CLASS = YES_ERROR;
				CLANG_WARN_QUOTED_INCLUDE_IN_FRAMEWORK_HEADER = YES;
				CLANG_WARN_RANGE_LOOP_ANALYSIS = YES;
				CLANG_WARN_STRICT_PROTOTYPES = YES;
				CLANG_WARN_SUSPICIOUS_MOVE = YES;
				CLANG_WARN_UNGUARDED_AVAILABILITY = YES_AGGRESSIVE;
				CLANG_WARN_UNREACHABLE_CODE = YES;
				CLANG_WARN__DUPLICATE_METHOD_MATCH = YES;
				COPY_PHASE_STRIP = NO;
				DEBUG_INFORMATION_FORMAT = dwarf;
				ENABLE_STRICT_OBJC_MSGSEND = YES;
				ENABLE_TESTABILITY = YES;
				GCC_C_LANGUAGE_STANDARD = gnu11;
				GCC_DYNAMIC_NO_PIC = NO;
				GCC_NO_COMMON_BLOCKS = YES;
				GCC_OPTIMIZATION_LEVEL = 0;
				GCC_PREPROCESSOR_DEFINITIONS = (
					"DEBUG=1",
					"$(inherited)",
				);
				GCC_WARN_64_TO_32_BIT_CONVERSION = YES;
				GCC_WARN_ABOUT_RETURN_TYPE = YES_ERROR;
				GCC_WARN_UNDECLARED_SELECTOR = YES;
				GCC_WARN_UNINITIALIZED_AUTOS = YES_AGGRESSIVE;
				GCC_WARN_UNUSED_FUNCTION = YES;
				GCC_WARN_UNUSED_VARIABLE = YES;
				IPHONEOS_DEPLOYMENT_TARGET = 15.5;
				MTL_ENABLE_DEBUG_INFO = INCLUDE_SOURCE;
				MTL_FAST_MATH = YES;
				ONLY_ACTIVE_ARCH = YES;
				SDKROOT = iphoneos;
				SWIFT_ACTIVE_COMPILATION_CONDITIONS = DEBUG;
				SWIFT_OPTIMIZATION_LEVEL = "-Onone";
			};
			name = Debug;
		};
		4AE4AD4C28D5C11C0055FEA8 /* Release */ = {
			isa = XCBuildConfiguration;
			buildSettings = {
				ALWAYS_SEARCH_USER_PATHS = NO;
				CLANG_ANALYZER_NONNULL = YES;
				CLANG_ANALYZER_NUMBER_OBJECT_CONVERSION = YES_AGGRESSIVE;
				CLANG_CXX_LANGUAGE_STANDARD = "gnu++17";
				CLANG_ENABLE_MODULES = YES;
				CLANG_ENABLE_OBJC_ARC = YES;
				CLANG_ENABLE_OBJC_WEAK = YES;
				CLANG_WARN_BLOCK_CAPTURE_AUTORELEASING = YES;
				CLANG_WARN_BOOL_CONVERSION = YES;
				CLANG_WARN_COMMA = YES;
				CLANG_WARN_CONSTANT_CONVERSION = YES;
				CLANG_WARN_DEPRECATED_OBJC_IMPLEMENTATIONS = YES;
				CLANG_WARN_DIRECT_OBJC_ISA_USAGE = YES_ERROR;
				CLANG_WARN_DOCUMENTATION_COMMENTS = YES;
				CLANG_WARN_EMPTY_BODY = YES;
				CLANG_WARN_ENUM_CONVERSION = YES;
				CLANG_WARN_INFINITE_RECURSION = YES;
				CLANG_WARN_INT_CONVERSION = YES;
				CLANG_WARN_NON_LITERAL_NULL_CONVERSION = YES;
				CLANG_WARN_OBJC_IMPLICIT_RETAIN_SELF = YES;
				CLANG_WARN_OBJC_LITERAL_CONVERSION = YES;
				CLANG_WARN_OBJC_ROOT_CLASS = YES_ERROR;
				CLANG_WARN_QUOTED_INCLUDE_IN_FRAMEWORK_HEADER = YES;
				CLANG_WARN_RANGE_LOOP_ANALYSIS = YES;
				CLANG_WARN_STRICT_PROTOTYPES = YES;
				CLANG_WARN_SUSPICIOUS_MOVE = YES;
				CLANG_WARN_UNGUARDED_AVAILABILITY = YES_AGGRESSIVE;
				CLANG_WARN_UNREACHABLE_CODE = YES;
				CLANG_WARN__DUPLICATE_METHOD_MATCH = YES;
				COPY_PHASE_STRIP = NO;
				DEBUG_INFORMATION_FORMAT = "dwarf-with-dsym";
				ENABLE_NS_ASSERTIONS = NO;
				ENABLE_STRICT_OBJC_MSGSEND = YES;
				GCC_C_LANGUAGE_STANDARD = gnu11;
				GCC_NO_COMMON_BLOCKS = YES;
				GCC_WARN_64_TO_32_BIT_CONVERSION = YES;
				GCC_WARN_ABOUT_RETURN_TYPE = YES_ERROR;
				GCC_WARN_UNDECLARED_SELECTOR = YES;
				GCC_WARN_UNINITIALIZED_AUTOS = YES_AGGRESSIVE;
				GCC_WARN_UNUSED_FUNCTION = YES;
				GCC_WARN_UNUSED_VARIABLE = YES;
				IPHONEOS_DEPLOYMENT_TARGET = 15.5;
				MTL_ENABLE_DEBUG_INFO = NO;
				MTL_FAST_MATH = YES;
				SDKROOT = iphoneos;
				SWIFT_COMPILATION_MODE = wholemodule;
				SWIFT_OPTIMIZATION_LEVEL = "-O";
				VALIDATE_PRODUCT = YES;
			};
			name = Release;
		};
		4AE4AD4E28D5C11C0055FEA8 /* Debug */ = {
			isa = XCBuildConfiguration;
			baseConfigurationReference = 3E58880D4EEF781B7DB21F74 /* Pods-Porsche Widget.debug.xcconfig */;
			buildSettings = {
				ALWAYS_EMBED_SWIFT_STANDARD_LIBRARIES = YES;
				ASSETCATALOG_COMPILER_APPICON_NAME = porsche_app_icon;
				ASSETCATALOG_COMPILER_GLOBAL_ACCENT_COLOR_NAME = AccentColor;
				CODE_SIGN_ENTITLEMENTS = "Porsche Widget/Porsche Widget.entitlements";
				CODE_SIGN_STYLE = Automatic;
				CURRENT_PROJECT_VERSION = 1;
				DEVELOPMENT_TEAM = CMCESWENEQ;
				EXCLUDED_ARCHS = "";
				GENERATE_INFOPLIST_FILE = YES;
				INFOPLIST_FILE = "Porsche Widget/Info.plist";
				INFOPLIST_KEY_CFBundleDisplayName = "My Porsche";
				INFOPLIST_KEY_UIApplicationSupportsIndirectInputEvents = YES;
				INFOPLIST_KEY_UILaunchStoryboardName = LaunchScreen;
				INFOPLIST_KEY_UIMainStoryboardFile = Main;
				INFOPLIST_KEY_UIStatusBarStyle = "";
				INFOPLIST_KEY_UISupportedInterfaceOrientations_iPad = "UIInterfaceOrientationPortrait UIInterfaceOrientationPortraitUpsideDown UIInterfaceOrientationLandscapeLeft UIInterfaceOrientationLandscapeRight";
				INFOPLIST_KEY_UISupportedInterfaceOrientations_iPhone = "UIInterfaceOrientationPortrait UIInterfaceOrientationLandscapeLeft UIInterfaceOrientationLandscapeRight";
				IPHONEOS_DEPLOYMENT_TARGET = 14.0;
				LD_RUNPATH_SEARCH_PATHS = (
					"$(inherited)",
					"@executable_path/Frameworks",
				);
				MARKETING_VERSION = 1.0;
				PRODUCT_BUNDLE_IDENTIFIER = "com.cyberfacility.Porsche-Widget";
				PRODUCT_NAME = "$(TARGET_NAME)";
				SWIFT_EMIT_LOC_STRINGS = YES;
				SWIFT_VERSION = 5.0;
				TARGETED_DEVICE_FAMILY = "1,2";
			};
			name = Debug;
		};
		4AE4AD4F28D5C11C0055FEA8 /* Release */ = {
			isa = XCBuildConfiguration;
			baseConfigurationReference = C8A60C55DDD3ABC8E8DE5A3C /* Pods-Porsche Widget.release.xcconfig */;
			buildSettings = {
				ALWAYS_EMBED_SWIFT_STANDARD_LIBRARIES = YES;
				ASSETCATALOG_COMPILER_APPICON_NAME = porsche_app_icon;
				ASSETCATALOG_COMPILER_GLOBAL_ACCENT_COLOR_NAME = AccentColor;
				CODE_SIGN_ENTITLEMENTS = "Porsche Widget/Porsche Widget.entitlements";
				CODE_SIGN_STYLE = Automatic;
				CURRENT_PROJECT_VERSION = 1;
				DEVELOPMENT_TEAM = CMCESWENEQ;
				GENERATE_INFOPLIST_FILE = YES;
				INFOPLIST_FILE = "Porsche Widget/Info.plist";
				INFOPLIST_KEY_CFBundleDisplayName = "My Porsche";
				INFOPLIST_KEY_UIApplicationSupportsIndirectInputEvents = YES;
				INFOPLIST_KEY_UILaunchStoryboardName = LaunchScreen;
				INFOPLIST_KEY_UIMainStoryboardFile = Main;
				INFOPLIST_KEY_UIStatusBarStyle = "";
				INFOPLIST_KEY_UISupportedInterfaceOrientations_iPad = "UIInterfaceOrientationPortrait UIInterfaceOrientationPortraitUpsideDown UIInterfaceOrientationLandscapeLeft UIInterfaceOrientationLandscapeRight";
				INFOPLIST_KEY_UISupportedInterfaceOrientations_iPhone = "UIInterfaceOrientationPortrait UIInterfaceOrientationLandscapeLeft UIInterfaceOrientationLandscapeRight";
				IPHONEOS_DEPLOYMENT_TARGET = 14.0;
				LD_RUNPATH_SEARCH_PATHS = (
					"$(inherited)",
					"@executable_path/Frameworks",
				);
				MARKETING_VERSION = 1.0;
				ONLY_ACTIVE_ARCH = NO;
				PRODUCT_BUNDLE_IDENTIFIER = "com.cyberfacility.Porsche-Widget";
				PRODUCT_NAME = "$(TARGET_NAME)";
				SWIFT_EMIT_LOC_STRINGS = YES;
				SWIFT_VERSION = 5.0;
				TARGETED_DEVICE_FAMILY = "1,2";
			};
			name = Release;
		};
		4AE4AD5128D5C11C0055FEA8 /* Debug */ = {
			isa = XCBuildConfiguration;
			baseConfigurationReference = 3AD3C6632A4651154FFBBB19 /* Pods-Porsche WidgetTests.debug.xcconfig */;
			buildSettings = {
				ALWAYS_EMBED_SWIFT_STANDARD_LIBRARIES = YES;
				BUNDLE_LOADER = "$(TEST_HOST)";
				CODE_SIGN_STYLE = Automatic;
				CURRENT_PROJECT_VERSION = 1;
				DEVELOPMENT_TEAM = CMCESWENEQ;
				GENERATE_INFOPLIST_FILE = YES;
				IPHONEOS_DEPLOYMENT_TARGET = 15.5;
				MARKETING_VERSION = 1.0;
				PRODUCT_BUNDLE_IDENTIFIER = "com.cyberfacility.Porsche-WidgetTests";
				PRODUCT_NAME = "$(TARGET_NAME)";
				SWIFT_EMIT_LOC_STRINGS = NO;
				SWIFT_VERSION = 5.0;
				TARGETED_DEVICE_FAMILY = "1,2";
				TEST_HOST = "$(BUILT_PRODUCTS_DIR)/Porsche Widget.app/Porsche Widget";
			};
			name = Debug;
		};
		4AE4AD5228D5C11C0055FEA8 /* Release */ = {
			isa = XCBuildConfiguration;
			baseConfigurationReference = E2F4E1BE1F739927372123E2 /* Pods-Porsche WidgetTests.release.xcconfig */;
			buildSettings = {
				ALWAYS_EMBED_SWIFT_STANDARD_LIBRARIES = YES;
				BUNDLE_LOADER = "$(TEST_HOST)";
				CODE_SIGN_STYLE = Automatic;
				CURRENT_PROJECT_VERSION = 1;
				DEVELOPMENT_TEAM = CMCESWENEQ;
				GENERATE_INFOPLIST_FILE = YES;
				IPHONEOS_DEPLOYMENT_TARGET = 15.5;
				MARKETING_VERSION = 1.0;
				PRODUCT_BUNDLE_IDENTIFIER = "com.cyberfacility.Porsche-WidgetTests";
				PRODUCT_NAME = "$(TARGET_NAME)";
				SWIFT_EMIT_LOC_STRINGS = NO;
				SWIFT_VERSION = 5.0;
				TARGETED_DEVICE_FAMILY = "1,2";
				TEST_HOST = "$(BUILT_PRODUCTS_DIR)/Porsche Widget.app/Porsche Widget";
			};
			name = Release;
		};
		4AE4AD5428D5C11C0055FEA8 /* Debug */ = {
			isa = XCBuildConfiguration;
			baseConfigurationReference = 5992F7AF02EAB8E1E8D4A0C1 /* Pods-Porsche Widget-Porsche WidgetUITests.debug.xcconfig */;
			buildSettings = {
				ALWAYS_EMBED_SWIFT_STANDARD_LIBRARIES = YES;
				CODE_SIGN_STYLE = Automatic;
				CURRENT_PROJECT_VERSION = 1;
				DEVELOPMENT_TEAM = CMCESWENEQ;
				GENERATE_INFOPLIST_FILE = YES;
				MARKETING_VERSION = 1.0;
				PRODUCT_BUNDLE_IDENTIFIER = "com.cyberfacility.Porsche-WidgetUITests";
				PRODUCT_NAME = "$(TARGET_NAME)";
				SWIFT_EMIT_LOC_STRINGS = NO;
				SWIFT_VERSION = 5.0;
				TARGETED_DEVICE_FAMILY = "1,2";
				TEST_TARGET_NAME = "Porsche Widget";
			};
			name = Debug;
		};
		4AE4AD5528D5C11C0055FEA8 /* Release */ = {
			isa = XCBuildConfiguration;
			baseConfigurationReference = DFD4B049DE4D4AB75695EDDB /* Pods-Porsche Widget-Porsche WidgetUITests.release.xcconfig */;
			buildSettings = {
				ALWAYS_EMBED_SWIFT_STANDARD_LIBRARIES = YES;
				CODE_SIGN_STYLE = Automatic;
				CURRENT_PROJECT_VERSION = 1;
				DEVELOPMENT_TEAM = CMCESWENEQ;
				GENERATE_INFOPLIST_FILE = YES;
				MARKETING_VERSION = 1.0;
				PRODUCT_BUNDLE_IDENTIFIER = "com.cyberfacility.Porsche-WidgetUITests";
				PRODUCT_NAME = "$(TARGET_NAME)";
				SWIFT_EMIT_LOC_STRINGS = NO;
				SWIFT_VERSION = 5.0;
				TARGETED_DEVICE_FAMILY = "1,2";
				TEST_TARGET_NAME = "Porsche Widget";
			};
			name = Release;
		};
/* End XCBuildConfiguration section */

/* Begin XCConfigurationList section */
		4A493E7128FEE78C00EE0E35 /* Build configuration list for PBXNativeTarget "MyPorscheExtension" */ = {
			isa = XCConfigurationList;
			buildConfigurations = (
				4A493E6F28FEE78C00EE0E35 /* Debug */,
				4A493E7028FEE78C00EE0E35 /* Release */,
			);
			defaultConfigurationIsVisible = 0;
			defaultConfigurationName = Release;
		};
		4AE4AD1E28D5C11A0055FEA8 /* Build configuration list for PBXProject "Porsche Widget" */ = {
			isa = XCConfigurationList;
			buildConfigurations = (
				4AE4AD4B28D5C11C0055FEA8 /* Debug */,
				4AE4AD4C28D5C11C0055FEA8 /* Release */,
			);
			defaultConfigurationIsVisible = 0;
			defaultConfigurationName = Release;
		};
		4AE4AD4D28D5C11C0055FEA8 /* Build configuration list for PBXNativeTarget "Porsche Widget" */ = {
			isa = XCConfigurationList;
			buildConfigurations = (
				4AE4AD4E28D5C11C0055FEA8 /* Debug */,
				4AE4AD4F28D5C11C0055FEA8 /* Release */,
			);
			defaultConfigurationIsVisible = 0;
			defaultConfigurationName = Release;
		};
		4AE4AD5028D5C11C0055FEA8 /* Build configuration list for PBXNativeTarget "Porsche WidgetTests" */ = {
			isa = XCConfigurationList;
			buildConfigurations = (
				4AE4AD5128D5C11C0055FEA8 /* Debug */,
				4AE4AD5228D5C11C0055FEA8 /* Release */,
			);
			defaultConfigurationIsVisible = 0;
			defaultConfigurationName = Release;
		};
		4AE4AD5328D5C11C0055FEA8 /* Build configuration list for PBXNativeTarget "Porsche WidgetUITests" */ = {
			isa = XCConfigurationList;
			buildConfigurations = (
				4AE4AD5428D5C11C0055FEA8 /* Debug */,
				4AE4AD5528D5C11C0055FEA8 /* Release */,
			);
			defaultConfigurationIsVisible = 0;
			defaultConfigurationName = Release;
		};
/* End XCConfigurationList section */
	};
	rootObject = 4AE4AD1B28D5C11A0055FEA8 /* Project object */;
}
